// !$*UTF8*$!
{
	archiveVersion = 1;
	classes = {
	};
	objectVersion = 50;
	objects = {

/* Begin PBXBuildFile section */
		060D5D9A24EBC6D3002273DD /* P42842.swift in Sources */ = {isa = PBXBuildFile; fileRef = 060D5D9924EBC6D3002273DD /* P42842.swift */; };
		060D5D9C24F0F21E002273DD /* P42883.swift in Sources */ = {isa = PBXBuildFile; fileRef = 060D5D9B24F0F21E002273DD /* P42883.swift */; };
		060D5DBE24F22CA6002273DD /* socarCodeTest.swift in Sources */ = {isa = PBXBuildFile; fileRef = 060D5DBD24F22CA6002273DD /* socarCodeTest.swift */; };
		063698DA24C84E6300C1C900 /* 6603.swift in Sources */ = {isa = PBXBuildFile; fileRef = 063698D924C84E6300C1C900 /* 6603.swift */; };
		063698DC24C87ED900C1C900 /* 2503.swift in Sources */ = {isa = PBXBuildFile; fileRef = 063698DB24C87ED900C1C900 /* 2503.swift */; };
		0654370824A2145900210383 /* P64061.swift in Sources */ = {isa = PBXBuildFile; fileRef = 0654370724A2145900210383 /* P64061.swift */; };
		0654370C24A315B900210383 /* 10872.swift in Sources */ = {isa = PBXBuildFile; fileRef = 0654370B24A315B900210383 /* 10872.swift */; };
		0654371E24A3748700210383 /* P43165.swift in Sources */ = {isa = PBXBuildFile; fileRef = 0654371D24A3748700210383 /* P43165.swift */; };
		0654372024A48AD500210383 /* P43162.swift in Sources */ = {isa = PBXBuildFile; fileRef = 0654371F24A48AD500210383 /* P43162.swift */; };
		0654375324A5A33000210383 /* 2468.swift in Sources */ = {isa = PBXBuildFile; fileRef = 0654375224A5A33000210383 /* 2468.swift */; };
		065F2FD02499D0F0003A0156 /* Extension+sosu.swift in Sources */ = {isa = PBXBuildFile; fileRef = 065F2FCF2499D0F0003A0156 /* Extension+sosu.swift */; };
		065F2FD52499E2D6003A0156 /* 2581.swift in Sources */ = {isa = PBXBuildFile; fileRef = 065F2FD42499E2D6003A0156 /* 2581.swift */; };
		065F2FD8249A331C003A0156 /* ProgrammersPrinter.swift in Sources */ = {isa = PBXBuildFile; fileRef = 065F2FD7249A331C003A0156 /* ProgrammersPrinter.swift */; };
		065F2FDA249B4F13003A0156 /* 1021.swift in Sources */ = {isa = PBXBuildFile; fileRef = 065F2FD9249B4F13003A0156 /* 1021.swift */; };
		06831ACF24ACB1070067EAE6 /* 10870.swift in Sources */ = {isa = PBXBuildFile; fileRef = 06831ACE24ACB1070067EAE6 /* 10870.swift */; };
		069E3CE12491FEAA00100D7C /* 2941.swift in Sources */ = {isa = PBXBuildFile; fileRef = 069E3CE02491FEAA00100D7C /* 2941.swift */; };
		069E3CE32493124100100D7C /* 2839.swift in Sources */ = {isa = PBXBuildFile; fileRef = 069E3CE22493124100100D7C /* 2839.swift */; };
		069E3D062494A20000100D7C /* 2292.swift in Sources */ = {isa = PBXBuildFile; fileRef = 069E3D052494A20000100D7C /* 2292.swift */; };
		069E3D082495D98600100D7C /* 2869.swift in Sources */ = {isa = PBXBuildFile; fileRef = 069E3D072495D98600100D7C /* 2869.swift */; };
		069E3D0A24973F2900100D7C /* 10250.swift in Sources */ = {isa = PBXBuildFile; fileRef = 069E3D0924973F2900100D7C /* 10250.swift */; };
		069E3D2324985AC200100D7C /* 1978.swift in Sources */ = {isa = PBXBuildFile; fileRef = 069E3D2224985AC200100D7C /* 1978.swift */; };
		06A720B224CFF9E500ED31DC /* 2003.swift in Sources */ = {isa = PBXBuildFile; fileRef = 06A720B124CFF9E500ED31DC /* 2003.swift */; };
		06A720B424D18C5900ED31DC /* 1107.swift in Sources */ = {isa = PBXBuildFile; fileRef = 06A720B324D18C5900ED31DC /* 1107.swift */; };
		06A720B624D1B95B00ED31DC /* 11726.swift in Sources */ = {isa = PBXBuildFile; fileRef = 06A720B524D1B95B00ED31DC /* 11726.swift */; };
		06A720B824D1B96200ED31DC /* 9095.swift in Sources */ = {isa = PBXBuildFile; fileRef = 06A720B724D1B96200ED31DC /* 9095.swift */; };
		06A720BA24D2581E00ED31DC /* P42895.swift in Sources */ = {isa = PBXBuildFile; fileRef = 06A720B924D2581E00ED31DC /* P42895.swift */; };
		06A720BC24D2606D00ED31DC /* tossTestCode.swift in Sources */ = {isa = PBXBuildFile; fileRef = 06A720BB24D2606D00ED31DC /* tossTestCode.swift */; };
		06A720BE24D4049100ED31DC /* 11729.swift in Sources */ = {isa = PBXBuildFile; fileRef = 06A720BD24D4049100ED31DC /* 11729.swift */; };
		06A720C024D5431700ED31DC /* tossCodeTest.swift in Sources */ = {isa = PBXBuildFile; fileRef = 06A720BF24D5431700ED31DC /* tossCodeTest.swift */; };
		06A720C324D722AE00ED31DC /* 2447.swift in Sources */ = {isa = PBXBuildFile; fileRef = 06A720C224D722AE00ED31DC /* 2447.swift */; };
		06A720C524D7A54F00ED31DC /* 7568.swift in Sources */ = {isa = PBXBuildFile; fileRef = 06A720C424D7A54F00ED31DC /* 7568.swift */; };
		06BCB6F824D949A9005D8B3D /* 1018.swift in Sources */ = {isa = PBXBuildFile; fileRef = 06BCB6F724D949A9005D8B3D /* 1018.swift */; };
		06BCB6FA24DAA83E005D8B3D /* P12899.swift in Sources */ = {isa = PBXBuildFile; fileRef = 06BCB6F924DAA83E005D8B3D /* P12899.swift */; };
		06BCB6FC24DBFF97005D8B3D /* 1436.swift in Sources */ = {isa = PBXBuildFile; fileRef = 06BCB6FB24DBFF97005D8B3D /* 1436.swift */; };
		06BCB6FE24E2D0E4005D8B3D /* 15649.swift in Sources */ = {isa = PBXBuildFile; fileRef = 06BCB6FD24E2D0E4005D8B3D /* 15649.swift */; };
		06BCB70024E59EFD005D8B3D /* 15650.swift in Sources */ = {isa = PBXBuildFile; fileRef = 06BCB6FF24E59EFD005D8B3D /* 15650.swift */; };
		06BCB70224E66848005D8B3D /* 15651.swift in Sources */ = {isa = PBXBuildFile; fileRef = 06BCB70124E66848005D8B3D /* 15651.swift */; };
		06BCB70724E91FFF005D8B3D /* P42860.swift in Sources */ = {isa = PBXBuildFile; fileRef = 06BCB70624E91FFF005D8B3D /* P42860.swift */; };
		06BCB70924EAC217005D8B3D /* 15652.swift in Sources */ = {isa = PBXBuildFile; fileRef = 06BCB70824EAC217005D8B3D /* 15652.swift */; };
		06D3E6F0248DEF8E00360CCD /* main.swift in Sources */ = {isa = PBXBuildFile; fileRef = 06D3E6EF248DEF8E00360CCD /* main.swift */; };
		06D3E6F7248DFE3C00360CCD /* 10951.swift in Sources */ = {isa = PBXBuildFile; fileRef = 06D3E6F6248DFE3C00360CCD /* 10951.swift */; };
		06D3E6F9248E3CFF00360CCD /* 4673.swift in Sources */ = {isa = PBXBuildFile; fileRef = 06D3E6F8248E3CFF00360CCD /* 4673.swift */; };
		06D3E6FB248F23FF00360CCD /* 1065.swift in Sources */ = {isa = PBXBuildFile; fileRef = 06D3E6FA248F23FF00360CCD /* 1065.swift */; };
		06D3E7072490748800360CCD /* 11720.swift in Sources */ = {isa = PBXBuildFile; fileRef = 06D3E7062490748800360CCD /* 11720.swift */; };
		06FE86CC249CD25E00F770F4 /* 4948.swift in Sources */ = {isa = PBXBuildFile; fileRef = 06FE86CB249CD25E00F770F4 /* 4948.swift */; };
		06FE86EE249DADC600F770F4 /* ProgrammersHIndex.swift in Sources */ = {isa = PBXBuildFile; fileRef = 06FE86ED249DADC600F770F4 /* ProgrammersHIndex.swift */; };
		06FE86F024A091D700F770F4 /* 9020.swift in Sources */ = {isa = PBXBuildFile; fileRef = 06FE86EF24A091D700F770F4 /* 9020.swift */; };
/* End PBXBuildFile section */

/* Begin PBXCopyFilesBuildPhase section */
		06D3E6EA248DEF8E00360CCD /* CopyFiles */ = {
			isa = PBXCopyFilesBuildPhase;
			buildActionMask = 2147483647;
			dstPath = /usr/share/man/man1/;
			dstSubfolderSpec = 0;
			files = (
			);
			runOnlyForDeploymentPostprocessing = 1;
		};
/* End PBXCopyFilesBuildPhase section */

/* Begin PBXFileReference section */
		060D5D9924EBC6D3002273DD /* P42842.swift */ = {isa = PBXFileReference; lastKnownFileType = sourcecode.swift; path = P42842.swift; sourceTree = "<group>"; };
		060D5D9B24F0F21E002273DD /* P42883.swift */ = {isa = PBXFileReference; lastKnownFileType = sourcecode.swift; path = P42883.swift; sourceTree = "<group>"; };
		060D5DBD24F22CA6002273DD /* socarCodeTest.swift */ = {isa = PBXFileReference; lastKnownFileType = sourcecode.swift; path = socarCodeTest.swift; sourceTree = "<group>"; };
		063698D924C84E6300C1C900 /* 6603.swift */ = {isa = PBXFileReference; lastKnownFileType = sourcecode.swift; path = 6603.swift; sourceTree = "<group>"; };
		063698DB24C87ED900C1C900 /* 2503.swift */ = {isa = PBXFileReference; lastKnownFileType = sourcecode.swift; path = 2503.swift; sourceTree = "<group>"; };
		0654370724A2145900210383 /* P64061.swift */ = {isa = PBXFileReference; lastKnownFileType = sourcecode.swift; path = P64061.swift; sourceTree = "<group>"; };
		0654370B24A315B900210383 /* 10872.swift */ = {isa = PBXFileReference; lastKnownFileType = sourcecode.swift; path = 10872.swift; sourceTree = "<group>"; };
		0654371D24A3748700210383 /* P43165.swift */ = {isa = PBXFileReference; lastKnownFileType = sourcecode.swift; path = P43165.swift; sourceTree = "<group>"; };
		0654371F24A48AD500210383 /* P43162.swift */ = {isa = PBXFileReference; lastKnownFileType = sourcecode.swift; path = P43162.swift; sourceTree = "<group>"; };
		0654375224A5A33000210383 /* 2468.swift */ = {isa = PBXFileReference; lastKnownFileType = sourcecode.swift; path = 2468.swift; sourceTree = "<group>"; };
		065F2FCF2499D0F0003A0156 /* Extension+sosu.swift */ = {isa = PBXFileReference; lastKnownFileType = sourcecode.swift; path = "Extension+sosu.swift"; sourceTree = "<group>"; };
		065F2FD42499E2D6003A0156 /* 2581.swift */ = {isa = PBXFileReference; lastKnownFileType = sourcecode.swift; path = 2581.swift; sourceTree = "<group>"; };
		065F2FD7249A331C003A0156 /* ProgrammersPrinter.swift */ = {isa = PBXFileReference; lastKnownFileType = sourcecode.swift; path = ProgrammersPrinter.swift; sourceTree = "<group>"; };
		065F2FD9249B4F13003A0156 /* 1021.swift */ = {isa = PBXFileReference; lastKnownFileType = sourcecode.swift; path = 1021.swift; sourceTree = "<group>"; };
		06831ACE24ACB1070067EAE6 /* 10870.swift */ = {isa = PBXFileReference; lastKnownFileType = sourcecode.swift; path = 10870.swift; sourceTree = "<group>"; };
		069E3CE02491FEAA00100D7C /* 2941.swift */ = {isa = PBXFileReference; lastKnownFileType = sourcecode.swift; path = 2941.swift; sourceTree = "<group>"; };
		069E3CE22493124100100D7C /* 2839.swift */ = {isa = PBXFileReference; lastKnownFileType = sourcecode.swift; path = 2839.swift; sourceTree = "<group>"; };
		069E3D052494A20000100D7C /* 2292.swift */ = {isa = PBXFileReference; lastKnownFileType = sourcecode.swift; path = 2292.swift; sourceTree = "<group>"; };
		069E3D072495D98600100D7C /* 2869.swift */ = {isa = PBXFileReference; lastKnownFileType = sourcecode.swift; path = 2869.swift; sourceTree = "<group>"; };
		069E3D0924973F2900100D7C /* 10250.swift */ = {isa = PBXFileReference; lastKnownFileType = sourcecode.swift; path = 10250.swift; sourceTree = "<group>"; };
		069E3D2224985AC200100D7C /* 1978.swift */ = {isa = PBXFileReference; lastKnownFileType = sourcecode.swift; path = 1978.swift; sourceTree = "<group>"; };
		06A720B124CFF9E500ED31DC /* 2003.swift */ = {isa = PBXFileReference; lastKnownFileType = sourcecode.swift; path = 2003.swift; sourceTree = "<group>"; };
		06A720B324D18C5900ED31DC /* 1107.swift */ = {isa = PBXFileReference; lastKnownFileType = sourcecode.swift; path = 1107.swift; sourceTree = "<group>"; };
		06A720B524D1B95B00ED31DC /* 11726.swift */ = {isa = PBXFileReference; lastKnownFileType = sourcecode.swift; path = 11726.swift; sourceTree = "<group>"; };
		06A720B724D1B96200ED31DC /* 9095.swift */ = {isa = PBXFileReference; lastKnownFileType = sourcecode.swift; path = 9095.swift; sourceTree = "<group>"; };
		06A720B924D2581E00ED31DC /* P42895.swift */ = {isa = PBXFileReference; lastKnownFileType = sourcecode.swift; path = P42895.swift; sourceTree = "<group>"; };
		06A720BB24D2606D00ED31DC /* tossTestCode.swift */ = {isa = PBXFileReference; lastKnownFileType = sourcecode.swift; path = tossTestCode.swift; sourceTree = "<group>"; };
		06A720BD24D4049100ED31DC /* 11729.swift */ = {isa = PBXFileReference; lastKnownFileType = sourcecode.swift; path = 11729.swift; sourceTree = "<group>"; };
		06A720BF24D5431700ED31DC /* tossCodeTest.swift */ = {isa = PBXFileReference; lastKnownFileType = sourcecode.swift; path = tossCodeTest.swift; sourceTree = "<group>"; };
		06A720C224D722AE00ED31DC /* 2447.swift */ = {isa = PBXFileReference; lastKnownFileType = sourcecode.swift; path = 2447.swift; sourceTree = "<group>"; };
		06A720C424D7A54F00ED31DC /* 7568.swift */ = {isa = PBXFileReference; lastKnownFileType = sourcecode.swift; path = 7568.swift; sourceTree = "<group>"; };
		06BCB6F724D949A9005D8B3D /* 1018.swift */ = {isa = PBXFileReference; lastKnownFileType = sourcecode.swift; path = 1018.swift; sourceTree = "<group>"; };
		06BCB6F924DAA83E005D8B3D /* P12899.swift */ = {isa = PBXFileReference; lastKnownFileType = sourcecode.swift; path = P12899.swift; sourceTree = "<group>"; };
		06BCB6FB24DBFF97005D8B3D /* 1436.swift */ = {isa = PBXFileReference; lastKnownFileType = sourcecode.swift; path = 1436.swift; sourceTree = "<group>"; };
		06BCB6FD24E2D0E4005D8B3D /* 15649.swift */ = {isa = PBXFileReference; lastKnownFileType = sourcecode.swift; path = 15649.swift; sourceTree = "<group>"; };
		06BCB6FF24E59EFD005D8B3D /* 15650.swift */ = {isa = PBXFileReference; lastKnownFileType = sourcecode.swift; path = 15650.swift; sourceTree = "<group>"; };
		06BCB70124E66848005D8B3D /* 15651.swift */ = {isa = PBXFileReference; lastKnownFileType = sourcecode.swift; path = 15651.swift; sourceTree = "<group>"; };
		06BCB70624E91FFF005D8B3D /* P42860.swift */ = {isa = PBXFileReference; lastKnownFileType = sourcecode.swift; path = P42860.swift; sourceTree = "<group>"; };
		06BCB70824EAC217005D8B3D /* 15652.swift */ = {isa = PBXFileReference; lastKnownFileType = sourcecode.swift; path = 15652.swift; sourceTree = "<group>"; };
		06D3E6EC248DEF8E00360CCD /* BaekJoon */ = {isa = PBXFileReference; explicitFileType = "compiled.mach-o.executable"; includeInIndex = 0; path = BaekJoon; sourceTree = BUILT_PRODUCTS_DIR; };
		06D3E6EF248DEF8E00360CCD /* main.swift */ = {isa = PBXFileReference; lastKnownFileType = sourcecode.swift; path = main.swift; sourceTree = "<group>"; };
		06D3E6F6248DFE3C00360CCD /* 10951.swift */ = {isa = PBXFileReference; lastKnownFileType = sourcecode.swift; path = 10951.swift; sourceTree = "<group>"; };
		06D3E6F8248E3CFF00360CCD /* 4673.swift */ = {isa = PBXFileReference; lastKnownFileType = sourcecode.swift; path = 4673.swift; sourceTree = "<group>"; };
		06D3E6FA248F23FF00360CCD /* 1065.swift */ = {isa = PBXFileReference; lastKnownFileType = sourcecode.swift; path = 1065.swift; sourceTree = "<group>"; };
		06D3E7062490748800360CCD /* 11720.swift */ = {isa = PBXFileReference; lastKnownFileType = sourcecode.swift; path = 11720.swift; sourceTree = "<group>"; };
		06FE86CB249CD25E00F770F4 /* 4948.swift */ = {isa = PBXFileReference; lastKnownFileType = sourcecode.swift; path = 4948.swift; sourceTree = "<group>"; };
		06FE86ED249DADC600F770F4 /* ProgrammersHIndex.swift */ = {isa = PBXFileReference; lastKnownFileType = sourcecode.swift; path = ProgrammersHIndex.swift; sourceTree = "<group>"; };
		06FE86EF24A091D700F770F4 /* 9020.swift */ = {isa = PBXFileReference; lastKnownFileType = sourcecode.swift; path = 9020.swift; sourceTree = "<group>"; };
/* End PBXFileReference section */

/* Begin PBXFrameworksBuildPhase section */
		06D3E6E9248DEF8E00360CCD /* Frameworks */ = {
			isa = PBXFrameworksBuildPhase;
			buildActionMask = 2147483647;
			files = (
			);
			runOnlyForDeploymentPostprocessing = 0;
		};
/* End PBXFrameworksBuildPhase section */

/* Begin PBXGroup section */
		065F2FD12499D3D1003A0156 /* Extension */ = {
			isa = PBXGroup;
			children = (
				065F2FCF2499D0F0003A0156 /* Extension+sosu.swift */,
			);
			path = Extension;
			sourceTree = "<group>";
		};
		065F2FD6249A32F8003A0156 /* Study */ = {
			isa = PBXGroup;
			children = (
				065F2FD7249A331C003A0156 /* ProgrammersPrinter.swift */,
				065F2FD9249B4F13003A0156 /* 1021.swift */,
				06FE86ED249DADC600F770F4 /* ProgrammersHIndex.swift */,
				0654370724A2145900210383 /* P64061.swift */,
				0654371D24A3748700210383 /* P43165.swift */,
				0654371F24A48AD500210383 /* P43162.swift */,
				0654375224A5A33000210383 /* 2468.swift */,
				063698D924C84E6300C1C900 /* 6603.swift */,
				063698DB24C87ED900C1C900 /* 2503.swift */,
				06A720B124CFF9E500ED31DC /* 2003.swift */,
				06A720B324D18C5900ED31DC /* 1107.swift */,
				06A720B524D1B95B00ED31DC /* 11726.swift */,
				06A720B724D1B96200ED31DC /* 9095.swift */,
				06A720B924D2581E00ED31DC /* P42895.swift */,
			);
			path = Study;
			sourceTree = "<group>";
		};
		06A720C124D6C82400ED31DC /* CodingTest */ = {
			isa = PBXGroup;
			children = (
				06A720BB24D2606D00ED31DC /* tossTestCode.swift */,
				06A720BF24D5431700ED31DC /* tossCodeTest.swift */,
				060D5DBD24F22CA6002273DD /* socarCodeTest.swift */,
			);
			path = CodingTest;
			sourceTree = "<group>";
		};
		06D3E6E3248DEF8E00360CCD = {
			isa = PBXGroup;
			children = (
				06A720C124D6C82400ED31DC /* CodingTest */,
				065F2FD6249A32F8003A0156 /* Study */,
				06D3E6EE248DEF8E00360CCD /* BaekJoon */,
				06D3E6ED248DEF8E00360CCD /* Products */,
			);
			sourceTree = "<group>";
		};
		06D3E6ED248DEF8E00360CCD /* Products */ = {
			isa = PBXGroup;
			children = (
				06D3E6EC248DEF8E00360CCD /* BaekJoon */,
			);
			name = Products;
			sourceTree = "<group>";
		};
		06D3E6EE248DEF8E00360CCD /* BaekJoon */ = {
			isa = PBXGroup;
			children = (
				06D3E6EF248DEF8E00360CCD /* main.swift */,
				06A720BD24D4049100ED31DC /* 11729.swift */,
				06831ACE24ACB1070067EAE6 /* 10870.swift */,
				0654370B24A315B900210383 /* 10872.swift */,
				06FE86EF24A091D700F770F4 /* 9020.swift */,
				065F2FD42499E2D6003A0156 /* 2581.swift */,
				069E3D2224985AC200100D7C /* 1978.swift */,
				069E3D0924973F2900100D7C /* 10250.swift */,
				069E3D072495D98600100D7C /* 2869.swift */,
				069E3D052494A20000100D7C /* 2292.swift */,
				069E3CE22493124100100D7C /* 2839.swift */,
				069E3CE02491FEAA00100D7C /* 2941.swift */,
				06D3E7062490748800360CCD /* 11720.swift */,
				06D3E6FA248F23FF00360CCD /* 1065.swift */,
				06D3E6F8248E3CFF00360CCD /* 4673.swift */,
				06D3E6F6248DFE3C00360CCD /* 10951.swift */,
				06FE86CB249CD25E00F770F4 /* 4948.swift */,
				06A720C224D722AE00ED31DC /* 2447.swift */,
				06A720C424D7A54F00ED31DC /* 7568.swift */,
				06BCB6F724D949A9005D8B3D /* 1018.swift */,
				06BCB6F924DAA83E005D8B3D /* P12899.swift */,
				06BCB6FB24DBFF97005D8B3D /* 1436.swift */,
				06BCB6FD24E2D0E4005D8B3D /* 15649.swift */,
				06BCB6FF24E59EFD005D8B3D /* 15650.swift */,
				06BCB70124E66848005D8B3D /* 15651.swift */,
				06BCB70624E91FFF005D8B3D /* P42860.swift */,
				06BCB70824EAC217005D8B3D /* 15652.swift */,
				060D5D9B24F0F21E002273DD /* P42883.swift */,
				065F2FD12499D3D1003A0156 /* Extension */,
				060D5D9924EBC6D3002273DD /* P42842.swift */,
			);
			path = BaekJoon;
			sourceTree = "<group>";
		};
/* End PBXGroup section */

/* Begin PBXNativeTarget section */
		06D3E6EB248DEF8E00360CCD /* BaekJoon */ = {
			isa = PBXNativeTarget;
			buildConfigurationList = 06D3E6F3248DEF8E00360CCD /* Build configuration list for PBXNativeTarget "BaekJoon" */;
			buildPhases = (
				06D3E6E8248DEF8E00360CCD /* Sources */,
				06D3E6E9248DEF8E00360CCD /* Frameworks */,
				06D3E6EA248DEF8E00360CCD /* CopyFiles */,
			);
			buildRules = (
			);
			dependencies = (
			);
			name = BaekJoon;
			productName = BaekJoon;
			productReference = 06D3E6EC248DEF8E00360CCD /* BaekJoon */;
			productType = "com.apple.product-type.tool";
		};
/* End PBXNativeTarget section */

/* Begin PBXProject section */
		06D3E6E4248DEF8E00360CCD /* Project object */ = {
			isa = PBXProject;
			attributes = {
				LastSwiftUpdateCheck = 1150;
				LastUpgradeCheck = 1150;
				ORGANIZATIONNAME = "남수김";
				TargetAttributes = {
					06D3E6EB248DEF8E00360CCD = {
						CreatedOnToolsVersion = 11.5;
					};
				};
			};
			buildConfigurationList = 06D3E6E7248DEF8E00360CCD /* Build configuration list for PBXProject "BaekJoon" */;
			compatibilityVersion = "Xcode 9.3";
			developmentRegion = en;
			hasScannedForEncodings = 0;
			knownRegions = (
				en,
				Base,
			);
			mainGroup = 06D3E6E3248DEF8E00360CCD;
			productRefGroup = 06D3E6ED248DEF8E00360CCD /* Products */;
			projectDirPath = "";
			projectRoot = "";
			targets = (
				06D3E6EB248DEF8E00360CCD /* BaekJoon */,
			);
		};
/* End PBXProject section */

/* Begin PBXSourcesBuildPhase section */
		06D3E6E8248DEF8E00360CCD /* Sources */ = {
			isa = PBXSourcesBuildPhase;
			buildActionMask = 2147483647;
			files = (
				0654370C24A315B900210383 /* 10872.swift in Sources */,
				063698DC24C87ED900C1C900 /* 2503.swift in Sources */,
				069E3D0A24973F2900100D7C /* 10250.swift in Sources */,
				06A720C024D5431700ED31DC /* tossCodeTest.swift in Sources */,
				0654372024A48AD500210383 /* P43162.swift in Sources */,
				06BCB6F824D949A9005D8B3D /* 1018.swift in Sources */,
				065F2FD52499E2D6003A0156 /* 2581.swift in Sources */,
				06A720B224CFF9E500ED31DC /* 2003.swift in Sources */,
				06A720BE24D4049100ED31DC /* 11729.swift in Sources */,
				069E3CE32493124100100D7C /* 2839.swift in Sources */,
				0654371E24A3748700210383 /* P43165.swift in Sources */,
				06831ACF24ACB1070067EAE6 /* 10870.swift in Sources */,
				06A720C524D7A54F00ED31DC /* 7568.swift in Sources */,
				06D3E7072490748800360CCD /* 11720.swift in Sources */,
				06BCB6FC24DBFF97005D8B3D /* 1436.swift in Sources */,
				06BCB6FE24E2D0E4005D8B3D /* 15649.swift in Sources */,
				06A720B824D1B96200ED31DC /* 9095.swift in Sources */,
				06D3E6F7248DFE3C00360CCD /* 10951.swift in Sources */,
				06A720BA24D2581E00ED31DC /* P42895.swift in Sources */,
				06D3E6FB248F23FF00360CCD /* 1065.swift in Sources */,
				06BCB70724E91FFF005D8B3D /* P42860.swift in Sources */,
				060D5DBE24F22CA6002273DD /* socarCodeTest.swift in Sources */,
				069E3D2324985AC200100D7C /* 1978.swift in Sources */,
				06A720C324D722AE00ED31DC /* 2447.swift in Sources */,
				065F2FDA249B4F13003A0156 /* 1021.swift in Sources */,
				060D5D9C24F0F21E002273DD /* P42883.swift in Sources */,
				069E3D062494A20000100D7C /* 2292.swift in Sources */,
				06BCB70924EAC217005D8B3D /* 15652.swift in Sources */,
				06A720BC24D2606D00ED31DC /* tossTestCode.swift in Sources */,
				06D3E6F9248E3CFF00360CCD /* 4673.swift in Sources */,
				06FE86F024A091D700F770F4 /* 9020.swift in Sources */,
				069E3D082495D98600100D7C /* 2869.swift in Sources */,
				0654370824A2145900210383 /* P64061.swift in Sources */,
				06BCB6FA24DAA83E005D8B3D /* P12899.swift in Sources */,
				065F2FD02499D0F0003A0156 /* Extension+sosu.swift in Sources */,
				063698DA24C84E6300C1C900 /* 6603.swift in Sources */,
				0654375324A5A33000210383 /* 2468.swift in Sources */,
				06A720B424D18C5900ED31DC /* 1107.swift in Sources */,
				06D3E6F0248DEF8E00360CCD /* main.swift in Sources */,
				06A720B624D1B95B00ED31DC /* 11726.swift in Sources */,
				060D5D9A24EBC6D3002273DD /* P42842.swift in Sources */,
				06BCB70224E66848005D8B3D /* 15651.swift in Sources */,
				06FE86EE249DADC600F770F4 /* ProgrammersHIndex.swift in Sources */,
				065F2FD8249A331C003A0156 /* ProgrammersPrinter.swift in Sources */,
				06FE86CC249CD25E00F770F4 /* 4948.swift in Sources */,
				06BCB70024E59EFD005D8B3D /* 15650.swift in Sources */,
				069E3CE12491FEAA00100D7C /* 2941.swift in Sources */,
			);
			runOnlyForDeploymentPostprocessing = 0;
		};
/* End PBXSourcesBuildPhase section */

/* Begin XCBuildConfiguration section */
		06D3E6F1248DEF8E00360CCD /* Debug */ = {
			isa = XCBuildConfiguration;
			buildSettings = {
				ALWAYS_SEARCH_USER_PATHS = NO;
				CLANG_ANALYZER_NONNULL = YES;
				CLANG_ANALYZER_NUMBER_OBJECT_CONVERSION = YES_AGGRESSIVE;
				CLANG_CXX_LANGUAGE_STANDARD = "gnu++14";
				CLANG_CXX_LIBRARY = "libc++";
				CLANG_ENABLE_MODULES = YES;
				CLANG_ENABLE_OBJC_ARC = YES;
				CLANG_ENABLE_OBJC_WEAK = YES;
				CLANG_WARN_BLOCK_CAPTURE_AUTORELEASING = YES;
				CLANG_WARN_BOOL_CONVERSION = YES;
				CLANG_WARN_COMMA = YES;
				CLANG_WARN_CONSTANT_CONVERSION = YES;
				CLANG_WARN_DEPRECATED_OBJC_IMPLEMENTATIONS = YES;
				CLANG_WARN_DIRECT_OBJC_ISA_USAGE = YES_ERROR;
				CLANG_WARN_DOCUMENTATION_COMMENTS = YES;
				CLANG_WARN_EMPTY_BODY = YES;
				CLANG_WARN_ENUM_CONVERSION = YES;
				CLANG_WARN_INFINITE_RECURSION = YES;
				CLANG_WARN_INT_CONVERSION = YES;
				CLANG_WARN_NON_LITERAL_NULL_CONVERSION = YES;
				CLANG_WARN_OBJC_IMPLICIT_RETAIN_SELF = YES;
				CLANG_WARN_OBJC_LITERAL_CONVERSION = YES;
				CLANG_WARN_OBJC_ROOT_CLASS = YES_ERROR;
				CLANG_WARN_RANGE_LOOP_ANALYSIS = YES;
				CLANG_WARN_STRICT_PROTOTYPES = YES;
				CLANG_WARN_SUSPICIOUS_MOVE = YES;
				CLANG_WARN_UNGUARDED_AVAILABILITY = YES_AGGRESSIVE;
				CLANG_WARN_UNREACHABLE_CODE = YES;
				CLANG_WARN__DUPLICATE_METHOD_MATCH = YES;
				COPY_PHASE_STRIP = NO;
				DEBUG_INFORMATION_FORMAT = dwarf;
				ENABLE_STRICT_OBJC_MSGSEND = YES;
				ENABLE_TESTABILITY = YES;
				GCC_C_LANGUAGE_STANDARD = gnu11;
				GCC_DYNAMIC_NO_PIC = NO;
				GCC_NO_COMMON_BLOCKS = YES;
				GCC_OPTIMIZATION_LEVEL = 0;
				GCC_PREPROCESSOR_DEFINITIONS = (
					"DEBUG=1",
					"$(inherited)",
				);
				GCC_WARN_64_TO_32_BIT_CONVERSION = YES;
				GCC_WARN_ABOUT_RETURN_TYPE = YES_ERROR;
				GCC_WARN_UNDECLARED_SELECTOR = YES;
				GCC_WARN_UNINITIALIZED_AUTOS = YES_AGGRESSIVE;
				GCC_WARN_UNUSED_FUNCTION = YES;
				GCC_WARN_UNUSED_VARIABLE = YES;
				MACOSX_DEPLOYMENT_TARGET = 10.15;
				MTL_ENABLE_DEBUG_INFO = INCLUDE_SOURCE;
				MTL_FAST_MATH = YES;
				ONLY_ACTIVE_ARCH = YES;
				SDKROOT = macosx;
				SWIFT_ACTIVE_COMPILATION_CONDITIONS = DEBUG;
				SWIFT_OPTIMIZATION_LEVEL = "-Onone";
			};
			name = Debug;
		};
		06D3E6F2248DEF8E00360CCD /* Release */ = {
			isa = XCBuildConfiguration;
			buildSettings = {
				ALWAYS_SEARCH_USER_PATHS = NO;
				CLANG_ANALYZER_NONNULL = YES;
				CLANG_ANALYZER_NUMBER_OBJECT_CONVERSION = YES_AGGRESSIVE;
				CLANG_CXX_LANGUAGE_STANDARD = "gnu++14";
				CLANG_CXX_LIBRARY = "libc++";
				CLANG_ENABLE_MODULES = YES;
				CLANG_ENABLE_OBJC_ARC = YES;
				CLANG_ENABLE_OBJC_WEAK = YES;
				CLANG_WARN_BLOCK_CAPTURE_AUTORELEASING = YES;
				CLANG_WARN_BOOL_CONVERSION = YES;
				CLANG_WARN_COMMA = YES;
				CLANG_WARN_CONSTANT_CONVERSION = YES;
				CLANG_WARN_DEPRECATED_OBJC_IMPLEMENTATIONS = YES;
				CLANG_WARN_DIRECT_OBJC_ISA_USAGE = YES_ERROR;
				CLANG_WARN_DOCUMENTATION_COMMENTS = YES;
				CLANG_WARN_EMPTY_BODY = YES;
				CLANG_WARN_ENUM_CONVERSION = YES;
				CLANG_WARN_INFINITE_RECURSION = YES;
				CLANG_WARN_INT_CONVERSION = YES;
				CLANG_WARN_NON_LITERAL_NULL_CONVERSION = YES;
				CLANG_WARN_OBJC_IMPLICIT_RETAIN_SELF = YES;
				CLANG_WARN_OBJC_LITERAL_CONVERSION = YES;
				CLANG_WARN_OBJC_ROOT_CLASS = YES_ERROR;
				CLANG_WARN_RANGE_LOOP_ANALYSIS = YES;
				CLANG_WARN_STRICT_PROTOTYPES = YES;
				CLANG_WARN_SUSPICIOUS_MOVE = YES;
				CLANG_WARN_UNGUARDED_AVAILABILITY = YES_AGGRESSIVE;
				CLANG_WARN_UNREACHABLE_CODE = YES;
				CLANG_WARN__DUPLICATE_METHOD_MATCH = YES;
				COPY_PHASE_STRIP = NO;
				DEBUG_INFORMATION_FORMAT = "dwarf-with-dsym";
				ENABLE_NS_ASSERTIONS = NO;
				ENABLE_STRICT_OBJC_MSGSEND = YES;
				GCC_C_LANGUAGE_STANDARD = gnu11;
				GCC_NO_COMMON_BLOCKS = YES;
				GCC_WARN_64_TO_32_BIT_CONVERSION = YES;
				GCC_WARN_ABOUT_RETURN_TYPE = YES_ERROR;
				GCC_WARN_UNDECLARED_SELECTOR = YES;
				GCC_WARN_UNINITIALIZED_AUTOS = YES_AGGRESSIVE;
				GCC_WARN_UNUSED_FUNCTION = YES;
				GCC_WARN_UNUSED_VARIABLE = YES;
				MACOSX_DEPLOYMENT_TARGET = 10.15;
				MTL_ENABLE_DEBUG_INFO = NO;
				MTL_FAST_MATH = YES;
				SDKROOT = macosx;
				SWIFT_COMPILATION_MODE = wholemodule;
				SWIFT_OPTIMIZATION_LEVEL = "-O";
			};
			name = Release;
		};
		06D3E6F4248DEF8E00360CCD /* Debug */ = {
			isa = XCBuildConfiguration;
			buildSettings = {
				CODE_SIGN_STYLE = Automatic;
				DEVELOPMENT_TEAM = 7Z2CV7TB8R;
				ENABLE_HARDENED_RUNTIME = YES;
				PRODUCT_NAME = "$(TARGET_NAME)";
				SWIFT_VERSION = 5.0;
			};
			name = Debug;
		};
		06D3E6F5248DEF8E00360CCD /* Release */ = {
			isa = XCBuildConfiguration;
			buildSettings = {
				CODE_SIGN_STYLE = Automatic;
				DEVELOPMENT_TEAM = 7Z2CV7TB8R;
				ENABLE_HARDENED_RUNTIME = YES;
				PRODUCT_NAME = "$(TARGET_NAME)";
				SWIFT_VERSION = 5.0;
			};
			name = Release;
		};
/* End XCBuildConfiguration section */

/* Begin XCConfigurationList section */
		06D3E6E7248DEF8E00360CCD /* Build configuration list for PBXProject "BaekJoon" */ = {
			isa = XCConfigurationList;
			buildConfigurations = (
				06D3E6F1248DEF8E00360CCD /* Debug */,
				06D3E6F2248DEF8E00360CCD /* Release */,
			);
			defaultConfigurationIsVisible = 0;
			defaultConfigurationName = Release;
		};
		06D3E6F3248DEF8E00360CCD /* Build configuration list for PBXNativeTarget "BaekJoon" */ = {
			isa = XCConfigurationList;
			buildConfigurations = (
				06D3E6F4248DEF8E00360CCD /* Debug */,
				06D3E6F5248DEF8E00360CCD /* Release */,
			);
			defaultConfigurationIsVisible = 0;
			defaultConfigurationName = Release;
		};
/* End XCConfigurationList section */
	};
	rootObject = 06D3E6E4248DEF8E00360CCD /* Project object */;
}
