// !$*UTF8*$!
{
	archiveVersion = 1;
	classes = {
	};
	objectVersion = 50;
	objects = {

/* Begin PBXBuildFile section */
		0609A0232618780300A81A2F /* 2021채널코퍼레이션.swift in Sources */ = {isa = PBXBuildFile; fileRef = 0609A0222618780300A81A2F /* 2021채널코퍼레이션.swift */; };
		060D5D9A24EBC6D3002273DD /* P42842.swift in Sources */ = {isa = PBXBuildFile; fileRef = 060D5D9924EBC6D3002273DD /* P42842.swift */; };
		060D5D9C24F0F21E002273DD /* P42883.swift in Sources */ = {isa = PBXBuildFile; fileRef = 060D5D9B24F0F21E002273DD /* P42883.swift */; };
		060D5DBE24F22CA6002273DD /* socarCodeTest.swift in Sources */ = {isa = PBXBuildFile; fileRef = 060D5DBD24F22CA6002273DD /* socarCodeTest.swift */; };
		060D5DC024F57276002273DD /* 9663.swift in Sources */ = {isa = PBXBuildFile; fileRef = 060D5DBF24F57276002273DD /* 9663.swift */; };
		060D5DE624F6B8C4002273DD /* P42746.swift in Sources */ = {isa = PBXBuildFile; fileRef = 060D5DE524F6B8C4002273DD /* P42746.swift */; };
		060D5DE824F81646002273DD /* P42578.swift in Sources */ = {isa = PBXBuildFile; fileRef = 060D5DE724F81646002273DD /* P42578.swift */; };
		060D5DEA24FAB23E002273DD /* Extension+GCD.swift in Sources */ = {isa = PBXBuildFile; fileRef = 060D5DE924FAB23E002273DD /* Extension+GCD.swift */; };
		060D5DEC24FAB4FF002273DD /* P62048.swift in Sources */ = {isa = PBXBuildFile; fileRef = 060D5DEB24FAB4FF002273DD /* P62048.swift */; };
		060D5DEE24FE2C15002273DD /* P60057.swift in Sources */ = {isa = PBXBuildFile; fileRef = 060D5DED24FE2C15002273DD /* P60057.swift */; };
		0615687D253D924700A9CBD4 /* P12985.swift in Sources */ = {isa = PBXBuildFile; fileRef = 0615687C253D924700A9CBD4 /* P12985.swift */; };
		06156887253FCDA000A9CBD4 /* P17677.swift in Sources */ = {isa = PBXBuildFile; fileRef = 06156886253FCDA000A9CBD4 /* P17677.swift */; };
		0617A6042582589A00A58034 /* P49189.swift in Sources */ = {isa = PBXBuildFile; fileRef = 0617A6032582589A00A58034 /* P49189.swift */; };
		06222E68253C155A0009720E /* P12981.swift in Sources */ = {isa = PBXBuildFile; fileRef = 06222E67253C155A0009720E /* P12981.swift */; };
		062A9331251102A400259794 /* P12941.swift in Sources */ = {isa = PBXBuildFile; fileRef = 062A9330251102A400259794 /* P12941.swift */; };
		062A93672514A64700259794 /* P68645.swift in Sources */ = {isa = PBXBuildFile; fileRef = 062A93662514A64700259794 /* P68645.swift */; };
		06334CDA251E1A7B000DD4D7 /* P12953.swift in Sources */ = {isa = PBXBuildFile; fileRef = 06334CD9251E1A7B000DD4D7 /* P12953.swift */; };
		06334CDC251E3026000DD4D7 /* P43163.swift in Sources */ = {isa = PBXBuildFile; fileRef = 06334CDB251E3026000DD4D7 /* P43163.swift */; };
		06334CDE251ECFB0000DD4D7 /* 네이버2020하반기 공채코테.swift in Sources */ = {isa = PBXBuildFile; fileRef = 06334CDD251ECFB0000DD4D7 /* 네이버2020하반기 공채코테.swift */; };
		063698DA24C84E6300C1C900 /* 6603.swift in Sources */ = {isa = PBXBuildFile; fileRef = 063698D924C84E6300C1C900 /* 6603.swift */; };
		063698DC24C87ED900C1C900 /* 2503.swift in Sources */ = {isa = PBXBuildFile; fileRef = 063698DB24C87ED900C1C900 /* 2503.swift */; };
		06371D8325ADE28400FBD087 /* P43238.swift in Sources */ = {isa = PBXBuildFile; fileRef = 06371D8225ADE28400FBD087 /* P43238.swift */; };
		06371D8925B0681300FBD087 /* P43164.swift in Sources */ = {isa = PBXBuildFile; fileRef = 06371D8825B0681300FBD087 /* P43164.swift */; };
		06375F0B2547E8F900072626 /* P17680.swift in Sources */ = {isa = PBXBuildFile; fileRef = 06375F0A2547E8F900072626 /* P17680.swift */; };
		06375F132549578700072626 /* P42890.swift in Sources */ = {isa = PBXBuildFile; fileRef = 06375F122549578700072626 /* P42890.swift */; };
		06375F19254A94C400072626 /* P17683.swift in Sources */ = {isa = PBXBuildFile; fileRef = 06375F18254A94C400072626 /* P17683.swift */; };
		0637E3BE25DFA108008049F7 /* P42587.swift in Sources */ = {isa = PBXBuildFile; fileRef = 0637E3BD25DFA108008049F7 /* P42587.swift */; };
		0637E3C225DFBFD5008049F7 /* P42860_2.swift in Sources */ = {isa = PBXBuildFile; fileRef = 0637E3C125DFBFD5008049F7 /* P42860_2.swift */; };
		0637E3C825E23751008049F7 /* P12946.swift in Sources */ = {isa = PBXBuildFile; fileRef = 0637E3C725E23751008049F7 /* P12946.swift */; };
		0637E3F525E6730C008049F7 /* P42883_2.swift in Sources */ = {isa = PBXBuildFile; fileRef = 0637E3F425E6730C008049F7 /* P42883_2.swift */; };
		064397032559501C008F37FD /* P17686.swift in Sources */ = {isa = PBXBuildFile; fileRef = 064397022559501C008F37FD /* P17686.swift */; };
		06439714255AA1E1008F37FD /* MakeDictionary.swift in Sources */ = {isa = PBXBuildFile; fileRef = 06439713255AA1E1008F37FD /* MakeDictionary.swift */; };
		064D9192265012FA0064AB94 /* LeetCode20210515.swift in Sources */ = {isa = PBXBuildFile; fileRef = 064D9191265012FA0064AB94 /* LeetCode20210515.swift */; };
		064D919426526CB50064AB94 /* LeetCode20210517.swift in Sources */ = {isa = PBXBuildFile; fileRef = 064D919326526CB50064AB94 /* LeetCode20210517.swift */; };
		064D91962653A4290064AB94 /* LeetCode20210518.swift in Sources */ = {isa = PBXBuildFile; fileRef = 064D91952653A4290064AB94 /* LeetCode20210518.swift */; };
		064D91B82655473F0064AB94 /* LeetCode20210519.swift in Sources */ = {isa = PBXBuildFile; fileRef = 064D91B72655473F0064AB94 /* LeetCode20210519.swift */; };
		064D91BA265658010064AB94 /* LeetCode20210520.swift in Sources */ = {isa = PBXBuildFile; fileRef = 064D91B9265658010064AB94 /* LeetCode20210520.swift */; };
		064D91BC2658F4820064AB94 /* LeetCode20210521.swift in Sources */ = {isa = PBXBuildFile; fileRef = 064D91BB2658F4820064AB94 /* LeetCode20210521.swift */; };
		064D91BE26590F120064AB94 /* LeetCode20210522.swift in Sources */ = {isa = PBXBuildFile; fileRef = 064D91BD26590F120064AB94 /* LeetCode20210522.swift */; };
		064D91C2265D198E0064AB94 /* LeetCode20210524.swift in Sources */ = {isa = PBXBuildFile; fileRef = 064D91C1265D198E0064AB94 /* LeetCode20210524.swift */; };
		064D91C4265D204C0064AB94 /* LeetCode20210525.swift in Sources */ = {isa = PBXBuildFile; fileRef = 064D91C3265D204C0064AB94 /* LeetCode20210525.swift */; };
		064D91C6265E4F1F0064AB94 /* LeetCode20210526.swift in Sources */ = {isa = PBXBuildFile; fileRef = 064D91C5265E4F1F0064AB94 /* LeetCode20210526.swift */; };
		064D91C8265FDE160064AB94 /* LeetCode20210527.swift in Sources */ = {isa = PBXBuildFile; fileRef = 064D91C7265FDE160064AB94 /* LeetCode20210527.swift */; };
		064D91CA2660D8D80064AB94 /* LeetCode20210528.swift in Sources */ = {isa = PBXBuildFile; fileRef = 064D91C92660D8D80064AB94 /* LeetCode20210528.swift */; };
		064D91EC2662536C0064AB94 /* LeetCode20210529.swift in Sources */ = {isa = PBXBuildFile; fileRef = 064D91EB2662536C0064AB94 /* LeetCode20210529.swift */; };
		064D91EE2663C1E00064AB94 /* LeetCdoe20210530.swift in Sources */ = {isa = PBXBuildFile; fileRef = 064D91ED2663C1E00064AB94 /* LeetCdoe20210530.swift */; };
		064D92102665FF9C0064AB94 /* LeetCode20210531.swift in Sources */ = {isa = PBXBuildFile; fileRef = 064D920F2665FF9C0064AB94 /* LeetCode20210531.swift */; };
		0654370824A2145900210383 /* P64061.swift in Sources */ = {isa = PBXBuildFile; fileRef = 0654370724A2145900210383 /* P64061.swift */; };
		0654370C24A315B900210383 /* 10872.swift in Sources */ = {isa = PBXBuildFile; fileRef = 0654370B24A315B900210383 /* 10872.swift */; };
		0654371E24A3748700210383 /* P43165.swift in Sources */ = {isa = PBXBuildFile; fileRef = 0654371D24A3748700210383 /* P43165.swift */; };
		0654372024A48AD500210383 /* P43162.swift in Sources */ = {isa = PBXBuildFile; fileRef = 0654371F24A48AD500210383 /* P43162.swift */; };
		0654375324A5A33000210383 /* 2468.swift in Sources */ = {isa = PBXBuildFile; fileRef = 0654375224A5A33000210383 /* 2468.swift */; };
		065A8F6D25551F4A001C11A5 /* MakeOptional.swift in Sources */ = {isa = PBXBuildFile; fileRef = 065A8F6C25551F4A001C11A5 /* MakeOptional.swift */; };
		065A8F7125552B84001C11A5 /* P17684.swift in Sources */ = {isa = PBXBuildFile; fileRef = 065A8F7025552B84001C11A5 /* P17684.swift */; };
		065DD13A259DDB60008CAC7B /* MakeCOW.swift in Sources */ = {isa = PBXBuildFile; fileRef = 065DD139259DDB60008CAC7B /* MakeCOW.swift */; };
		065F2FD02499D0F0003A0156 /* Extension+sosu.swift in Sources */ = {isa = PBXBuildFile; fileRef = 065F2FCF2499D0F0003A0156 /* Extension+sosu.swift */; };
		065F2FD52499E2D6003A0156 /* 2581.swift in Sources */ = {isa = PBXBuildFile; fileRef = 065F2FD42499E2D6003A0156 /* 2581.swift */; };
		065F2FD8249A331C003A0156 /* ProgrammersPrinter.swift in Sources */ = {isa = PBXBuildFile; fileRef = 065F2FD7249A331C003A0156 /* ProgrammersPrinter.swift */; };
		065F2FDA249B4F13003A0156 /* 1021.swift in Sources */ = {isa = PBXBuildFile; fileRef = 065F2FD9249B4F13003A0156 /* 1021.swift */; };
		0660F38C250B95800059824A /* P12939.swift in Sources */ = {isa = PBXBuildFile; fileRef = 0660F38B250B95800059824A /* P12939.swift */; };
		0660F3BE250BBF140059824A /* P67257.swift in Sources */ = {isa = PBXBuildFile; fileRef = 0660F3BD250BBF140059824A /* P67257.swift */; };
		0660F3C0250C93850059824A /* kakao2020하반기공채.swift in Sources */ = {isa = PBXBuildFile; fileRef = 0660F3BF250C93850059824A /* kakao2020하반기공채.swift */; };
		0660F3C2250D04CD0059824A /* Extension+Array.swift in Sources */ = {isa = PBXBuildFile; fileRef = 0660F3C1250D04CD0059824A /* Extension+Array.swift */; };
		0660F3C6250DA8EA0059824A /* Line2020하반기공채.swift in Sources */ = {isa = PBXBuildFile; fileRef = 0660F3C5250DA8EA0059824A /* Line2020하반기공채.swift */; };
		0660F3C8250DE0990059824A /* Heap.swift in Sources */ = {isa = PBXBuildFile; fileRef = 0660F3C7250DE0990059824A /* Heap.swift */; };
		0666F82925B42B090009A9C1 /* P42579.swift in Sources */ = {isa = PBXBuildFile; fileRef = 0666F82825B42B090009A9C1 /* P42579.swift */; };
		0666F82E25B815B40009A9C1 /* P49191.swift in Sources */ = {isa = PBXBuildFile; fileRef = 0666F82D25B815B40009A9C1 /* P49191.swift */; };
		0666F86025C017310009A9C1 /* P72411.swift in Sources */ = {isa = PBXBuildFile; fileRef = 0666F85F25C017310009A9C1 /* P72411.swift */; };
		0666F89125C2D7DD0009A9C1 /* P12904.swift in Sources */ = {isa = PBXBuildFile; fileRef = 0666F89025C2D7DD0009A9C1 /* P12904.swift */; };
		0666F8B625C6C42A0009A9C1 /* P60062.swift in Sources */ = {isa = PBXBuildFile; fileRef = 0666F8B525C6C42A0009A9C1 /* P60062.swift */; };
		0666F8BB25C95F050009A9C1 /* P12914.swift in Sources */ = {isa = PBXBuildFile; fileRef = 0666F8BA25C95F050009A9C1 /* P12914.swift */; };
		066C2800260B65D000A67F1F /* P72410.swift in Sources */ = {isa = PBXBuildFile; fileRef = 066C27FF260B65D000A67F1F /* P72410.swift */; };
		066C280E260F6BFD00A67F1F /* P72413.swift in Sources */ = {isa = PBXBuildFile; fileRef = 066C280D260F6BFD00A67F1F /* P72413.swift */; };
		066C28112611A0F400A67F1F /* MakePrioriryQueue.swift in Sources */ = {isa = PBXBuildFile; fileRef = 066C28102611A0F400A67F1F /* MakePrioriryQueue.swift */; };
		066C28142611A12600A67F1F /* P42627.swift in Sources */ = {isa = PBXBuildFile; fileRef = 066C28132611A12600A67F1F /* P42627.swift */; };
		066C28172612F49800A67F1F /* P42628.swift in Sources */ = {isa = PBXBuildFile; fileRef = 066C28162612F49800A67F1F /* P42628.swift */; };
		066C281B26145F3500A67F1F /* P42842_2.swift in Sources */ = {isa = PBXBuildFile; fileRef = 066C281A26145F3500A67F1F /* P42842_2.swift */; };
		066C2845261759BF00A67F1F /* P17686_2.swift in Sources */ = {isa = PBXBuildFile; fileRef = 066C2844261759BF00A67F1F /* P17686_2.swift */; };
		066C284A261839BA00A67F1F /* 2021카카오커머스상반기.swift in Sources */ = {isa = PBXBuildFile; fileRef = 066C2849261839BA00A67F1F /* 2021카카오커머스상반기.swift */; };
		06705258254570B700ECAE1C /* P17679.swift in Sources */ = {isa = PBXBuildFile; fileRef = 06705257254570B700ECAE1C /* P17679.swift */; };
		0671D3002564DFD2000E9B07 /* P17676.swift in Sources */ = {isa = PBXBuildFile; fileRef = 0671D2FF2564DFD2000E9B07 /* P17676.swift */; };
		067BBB632668D1B0004F5435 /* LeetCode20210603.swift in Sources */ = {isa = PBXBuildFile; fileRef = 067BBB622668D1B0004F5435 /* LeetCode20210603.swift */; };
		067BBB67266B504D004F5435 /* 2021 라인 핀테크 인턴십.swift in Sources */ = {isa = PBXBuildFile; fileRef = 067BBB66266B504D004F5435 /* 2021 라인 핀테크 인턴십.swift */; };
		067FB75525F1018E0026B19C /* P72412.swift in Sources */ = {isa = PBXBuildFile; fileRef = 067FB75425F1018E0026B19C /* P72412.swift */; };
		06813181252ACCFB0081A99F /* P12949.swift in Sources */ = {isa = PBXBuildFile; fileRef = 06813180252ACCFB0081A99F /* P12949.swift */; };
		06813184252AD7C20081A99F /* P12951.swift in Sources */ = {isa = PBXBuildFile; fileRef = 06813183252AD7C20081A99F /* P12951.swift */; };
		068131DA253074390081A99F /* Coupang2020하반기.swift in Sources */ = {isa = PBXBuildFile; fileRef = 068131D9253074390081A99F /* Coupang2020하반기.swift */; };
		06831ACF24ACB1070067EAE6 /* 10870.swift in Sources */ = {isa = PBXBuildFile; fileRef = 06831ACE24ACB1070067EAE6 /* 10870.swift */; };
		06837AEE25F25322004EA12B /* P49994.swift in Sources */ = {isa = PBXBuildFile; fileRef = 06837AED25F25322004EA12B /* P49994.swift */; };
		06837B0F25F8D03A004EA12B /* P12987.swift in Sources */ = {isa = PBXBuildFile; fileRef = 06837B0E25F8D03A004EA12B /* P12987.swift */; };
		06837B1225F8DC93004EA12B /* P42586_2.swift in Sources */ = {isa = PBXBuildFile; fileRef = 06837B1125F8DC93004EA12B /* P42586_2.swift */; };
		0686517024FF9A39008F0EB9 /* P60058.swift in Sources */ = {isa = PBXBuildFile; fileRef = 0686516F24FF9A39008F0EB9 /* P60058.swift */; };
		068EC20725EE352900484FBB /* P62048_2.swift in Sources */ = {isa = PBXBuildFile; fileRef = 068EC20625EE352900484FBB /* P62048_2.swift */; };
		068EC20C25EE4A8000484FBB /* P42839_2.swift in Sources */ = {isa = PBXBuildFile; fileRef = 068EC20B25EE4A8000484FBB /* P42839_2.swift */; };
		068EC21525EF9ABA00484FBB /* P67257_2.swift in Sources */ = {isa = PBXBuildFile; fileRef = 068EC21425EF9ABA00484FBB /* P67257_2.swift */; };
		068EC21825EFC4EA00484FBB /* P68936.swift in Sources */ = {isa = PBXBuildFile; fileRef = 068EC21725EFC4EA00484FBB /* P68936.swift */; };
		069735A42668ABDC00276673 /* LeetCode20210602.swift in Sources */ = {isa = PBXBuildFile; fileRef = 069735A32668ABDC00276673 /* LeetCode20210602.swift */; };
		069BB3B0256D3B2300BF5F9D /* P68646.swift in Sources */ = {isa = PBXBuildFile; fileRef = 069BB3AF256D3B2300BF5F9D /* P68646.swift */; };
		069BB3B3256D5C7F00BF5F9D /* MakeNormalSort.swift in Sources */ = {isa = PBXBuildFile; fileRef = 069BB3B2256D5C7F00BF5F9D /* MakeNormalSort.swift */; };
		069E3CE12491FEAA00100D7C /* 2941.swift in Sources */ = {isa = PBXBuildFile; fileRef = 069E3CE02491FEAA00100D7C /* 2941.swift */; };
		069E3CE32493124100100D7C /* 2839.swift in Sources */ = {isa = PBXBuildFile; fileRef = 069E3CE22493124100100D7C /* 2839.swift */; };
		069E3D062494A20000100D7C /* 2292.swift in Sources */ = {isa = PBXBuildFile; fileRef = 069E3D052494A20000100D7C /* 2292.swift */; };
		069E3D082495D98600100D7C /* 2869.swift in Sources */ = {isa = PBXBuildFile; fileRef = 069E3D072495D98600100D7C /* 2869.swift */; };
		069E3D0A24973F2900100D7C /* 10250.swift in Sources */ = {isa = PBXBuildFile; fileRef = 069E3D0924973F2900100D7C /* 10250.swift */; };
		069E3D2324985AC200100D7C /* 1978.swift in Sources */ = {isa = PBXBuildFile; fileRef = 069E3D2224985AC200100D7C /* 1978.swift */; };
		069E3EBB25A802E50088D690 /* P60061.swift in Sources */ = {isa = PBXBuildFile; fileRef = 069E3EBA25A802E50088D690 /* P60061.swift */; };
		069E3EBF25A809F10088D690 /* LG전자인턴코테.swift in Sources */ = {isa = PBXBuildFile; fileRef = 069E3EBE25A809F10088D690 /* LG전자인턴코테.swift */; };
		069F95172590C12700B64999 /* P42861.swift in Sources */ = {isa = PBXBuildFile; fileRef = 069F95162590C12700B64999 /* P42861.swift */; };
		06A2B10A2536ED720013BCAD /* P12973.swift in Sources */ = {isa = PBXBuildFile; fileRef = 06A2B1092536ED720013BCAD /* P12973.swift */; };
		06A2B10D2536F3ED0013BCAD /* P12977.swift in Sources */ = {isa = PBXBuildFile; fileRef = 06A2B10C2536F3ED0013BCAD /* P12977.swift */; };
		06A2B12A253AC9260013BCAD /* P12980.swift in Sources */ = {isa = PBXBuildFile; fileRef = 06A2B129253AC9260013BCAD /* P12980.swift */; };
		06A720B224CFF9E500ED31DC /* 2003.swift in Sources */ = {isa = PBXBuildFile; fileRef = 06A720B124CFF9E500ED31DC /* 2003.swift */; };
		06A720B424D18C5900ED31DC /* 1107.swift in Sources */ = {isa = PBXBuildFile; fileRef = 06A720B324D18C5900ED31DC /* 1107.swift */; };
		06A720B624D1B95B00ED31DC /* 11726.swift in Sources */ = {isa = PBXBuildFile; fileRef = 06A720B524D1B95B00ED31DC /* 11726.swift */; };
		06A720B824D1B96200ED31DC /* 9095.swift in Sources */ = {isa = PBXBuildFile; fileRef = 06A720B724D1B96200ED31DC /* 9095.swift */; };
		06A720BA24D2581E00ED31DC /* P42895.swift in Sources */ = {isa = PBXBuildFile; fileRef = 06A720B924D2581E00ED31DC /* P42895.swift */; };
		06A720BC24D2606D00ED31DC /* tossTestCode.swift in Sources */ = {isa = PBXBuildFile; fileRef = 06A720BB24D2606D00ED31DC /* tossTestCode.swift */; };
		06A720BE24D4049100ED31DC /* 11729.swift in Sources */ = {isa = PBXBuildFile; fileRef = 06A720BD24D4049100ED31DC /* 11729.swift */; };
		06A720C024D5431700ED31DC /* tossCodeTest.swift in Sources */ = {isa = PBXBuildFile; fileRef = 06A720BF24D5431700ED31DC /* tossCodeTest.swift */; };
		06A720C324D722AE00ED31DC /* 2447.swift in Sources */ = {isa = PBXBuildFile; fileRef = 06A720C224D722AE00ED31DC /* 2447.swift */; };
		06A720C524D7A54F00ED31DC /* 7568.swift in Sources */ = {isa = PBXBuildFile; fileRef = 06A720C424D7A54F00ED31DC /* 7568.swift */; };
		06A7D4BB25FF4C00005348A4 /* P49993.swift in Sources */ = {isa = PBXBuildFile; fileRef = 06A7D4BA25FF4C00005348A4 /* P49993.swift */; };
		06A7D4BE25FF5EFE005348A4 /* P42583.swift in Sources */ = {isa = PBXBuildFile; fileRef = 06A7D4BD25FF5EFE005348A4 /* P42583.swift */; };
		06A7D4DD260091B8005348A4 /* P60057_2.swift in Sources */ = {isa = PBXBuildFile; fileRef = 06A7D4DC260091B8005348A4 /* P60057_2.swift */; };
		06A7D4E62601F583005348A4 /* P42746_2.swift in Sources */ = {isa = PBXBuildFile; fileRef = 06A7D4E52601F583005348A4 /* P42746_2.swift */; };
		06A7D4E926021045005348A4 /* P60058_2.swift in Sources */ = {isa = PBXBuildFile; fileRef = 06A7D4E826021045005348A4 /* P60058_2.swift */; };
		06A7D4ED26038350005348A4 /* P72411_2.swift in Sources */ = {isa = PBXBuildFile; fileRef = 06A7D4EC26038350005348A4 /* P72411_2.swift */; };
		06A7D4F0260495EE005348A4 /* P42747.swift in Sources */ = {isa = PBXBuildFile; fileRef = 06A7D4EF260495EE005348A4 /* P42747.swift */; };
		06A7D4F32604A5DB005348A4 /* P42578_2.swift in Sources */ = {isa = PBXBuildFile; fileRef = 06A7D4F22604A5DB005348A4 /* P42578_2.swift */; };
		06A7D4F72604CCD9005348A4 /* P43165_2.swift in Sources */ = {isa = PBXBuildFile; fileRef = 06A7D4F62604CCD9005348A4 /* P43165_2.swift */; };
		06A7D4FA2608B6B5005348A4 /* P64065_2.swift in Sources */ = {isa = PBXBuildFile; fileRef = 06A7D4F92608B6B5005348A4 /* P64065_2.swift */; };
		06A7D4FE2608CC4B005348A4 /* P42888.swift in Sources */ = {isa = PBXBuildFile; fileRef = 06A7D4FD2608CC4B005348A4 /* P42888.swift */; };
		06ACFE6125021C4A00F2B74C /* P12905.swift in Sources */ = {isa = PBXBuildFile; fileRef = 06ACFE6025021C4A00F2B74C /* P12905.swift */; };
		06ACFE63250607D200F2B74C /* P64065.swift in Sources */ = {isa = PBXBuildFile; fileRef = 06ACFE62250607D200F2B74C /* P64065.swift */; };
		06ACFE652507773700F2B74C /* P12909.swift in Sources */ = {isa = PBXBuildFile; fileRef = 06ACFE642507773700F2B74C /* P12909.swift */; };
		06ACFE672508769200F2B74C /* P12913.swift in Sources */ = {isa = PBXBuildFile; fileRef = 06ACFE662508769200F2B74C /* P12913.swift */; };
		06BCB6F824D949A9005D8B3D /* 1018.swift in Sources */ = {isa = PBXBuildFile; fileRef = 06BCB6F724D949A9005D8B3D /* 1018.swift */; };
		06BCB6FA24DAA83E005D8B3D /* P12899.swift in Sources */ = {isa = PBXBuildFile; fileRef = 06BCB6F924DAA83E005D8B3D /* P12899.swift */; };
		06BCB6FC24DBFF97005D8B3D /* 1436.swift in Sources */ = {isa = PBXBuildFile; fileRef = 06BCB6FB24DBFF97005D8B3D /* 1436.swift */; };
		06BCB6FE24E2D0E4005D8B3D /* 15649.swift in Sources */ = {isa = PBXBuildFile; fileRef = 06BCB6FD24E2D0E4005D8B3D /* 15649.swift */; };
		06BCB70024E59EFD005D8B3D /* 15650.swift in Sources */ = {isa = PBXBuildFile; fileRef = 06BCB6FF24E59EFD005D8B3D /* 15650.swift */; };
		06BCB70224E66848005D8B3D /* 15651.swift in Sources */ = {isa = PBXBuildFile; fileRef = 06BCB70124E66848005D8B3D /* 15651.swift */; };
		06BCB70724E91FFF005D8B3D /* P42860.swift in Sources */ = {isa = PBXBuildFile; fileRef = 06BCB70624E91FFF005D8B3D /* P42860.swift */; };
		06BCB70924EAC217005D8B3D /* 15652.swift in Sources */ = {isa = PBXBuildFile; fileRef = 06BCB70824EAC217005D8B3D /* 15652.swift */; };
		06BDE1A0254BEE3D00D732AF /* Extension+String.swift in Sources */ = {isa = PBXBuildFile; fileRef = 06BDE19F254BEE3D00D732AF /* Extension+String.swift */; };
		06C2F26D2625D54A0090DD70 /* P17687_2.swift in Sources */ = {isa = PBXBuildFile; fileRef = 06C2F26C2625D54A0090DD70 /* P17687_2.swift */; };
		06C2F2702625DCCA0090DD70 /* P68644.swift in Sources */ = {isa = PBXBuildFile; fileRef = 06C2F26F2625DCCA0090DD70 /* P68644.swift */; };
		06C2F2732625F25B0090DD70 /* P42862.swift in Sources */ = {isa = PBXBuildFile; fileRef = 06C2F2722625F25B0090DD70 /* P42862.swift */; };
		06C2F27626261B7A0090DD70 /* P68935.swift in Sources */ = {isa = PBXBuildFile; fileRef = 06C2F27526261B7A0090DD70 /* P68935.swift */; };
		06C2F27926261FC70090DD70 /* P12921.swift in Sources */ = {isa = PBXBuildFile; fileRef = 06C2F27826261FC70090DD70 /* P12921.swift */; };
		06C2F27C26262DD20090DD70 /* P42889.swift in Sources */ = {isa = PBXBuildFile; fileRef = 06C2F27B26262DD20090DD70 /* P42889.swift */; };
		06C2F27F2626BD0A0090DD70 /* P67256.swift in Sources */ = {isa = PBXBuildFile; fileRef = 06C2F27E2626BD0A0090DD70 /* P67256.swift */; };
		06C2F2A32626DB4D0090DD70 /* 스노우비타.swift in Sources */ = {isa = PBXBuildFile; fileRef = 06C2F2A22626DB4D0090DD70 /* 스노우비타.swift */; };
		06C2F2E4262DBF500090DD70 /* P76501.swift in Sources */ = {isa = PBXBuildFile; fileRef = 06C2F2E3262DBF500090DD70 /* P76501.swift */; };
		06C2F2E7262EC1C60090DD70 /* P17681.swift in Sources */ = {isa = PBXBuildFile; fileRef = 06C2F2E6262EC1C60090DD70 /* P17681.swift */; };
		06C2F2EA262EDC820090DD70 /* P17682.swift in Sources */ = {isa = PBXBuildFile; fileRef = 06C2F2E9262EDC820090DD70 /* P17682.swift */; };
		06C2F2ED262F1B430090DD70 /* P76502.swift in Sources */ = {isa = PBXBuildFile; fileRef = 06C2F2EC262F1B430090DD70 /* P76502.swift */; };
		06C2F30F26314F650090DD70 /* P64062.swift in Sources */ = {isa = PBXBuildFile; fileRef = 06C2F30E26314F650090DD70 /* P64062.swift */; };
		06C2F3122631992D0090DD70 /* P67258.swift in Sources */ = {isa = PBXBuildFile; fileRef = 06C2F3112631992D0090DD70 /* P67258.swift */; };
		06C2F3152632D4850090DD70 /* P67259.swift in Sources */ = {isa = PBXBuildFile; fileRef = 06C2F3142632D4850090DD70 /* P67259.swift */; };
		06C2F3182636A15C0090DD70 /* P64064.swift in Sources */ = {isa = PBXBuildFile; fileRef = 06C2F3172636A15C0090DD70 /* P64064.swift */; };
		06C40E31259F407B0013F844 /* SystemTimer.swift in Sources */ = {isa = PBXBuildFile; fileRef = 06C40E30259F407B0013F844 /* SystemTimer.swift */; };
		06C40E36259F57E30013F844 /* PICNIC.swift in Sources */ = {isa = PBXBuildFile; fileRef = 06C40E35259F57E30013F844 /* PICNIC.swift */; };
		06CC021E2563B7B400872954 /* P70129.swift in Sources */ = {isa = PBXBuildFile; fileRef = 06CC021D2563B7B400872954 /* P70129.swift */; };
		06D33AFA2573F3AD0093FDED /* P60059.swift in Sources */ = {isa = PBXBuildFile; fileRef = 06D33AF92573F3AD0093FDED /* P60059.swift */; };
		06D3E6F0248DEF8E00360CCD /* main.swift in Sources */ = {isa = PBXBuildFile; fileRef = 06D3E6EF248DEF8E00360CCD /* main.swift */; };
		06D3E6F7248DFE3C00360CCD /* 10951.swift in Sources */ = {isa = PBXBuildFile; fileRef = 06D3E6F6248DFE3C00360CCD /* 10951.swift */; };
		06D3E6F9248E3CFF00360CCD /* 4673.swift in Sources */ = {isa = PBXBuildFile; fileRef = 06D3E6F8248E3CFF00360CCD /* 4673.swift */; };
		06D3E6FB248F23FF00360CCD /* 1065.swift in Sources */ = {isa = PBXBuildFile; fileRef = 06D3E6FA248F23FF00360CCD /* 1065.swift */; };
		06D3E7072490748800360CCD /* 11720.swift in Sources */ = {isa = PBXBuildFile; fileRef = 06D3E7062490748800360CCD /* 11720.swift */; };
		06E5110D2517516700B53299 /* Trie.swift in Sources */ = {isa = PBXBuildFile; fileRef = 06E5110C2517516700B53299 /* Trie.swift */; };
		06EEA1DA25A0AD820023BB1D /* BOARDCOVER.swift in Sources */ = {isa = PBXBuildFile; fileRef = 06EEA1D925A0AD820023BB1D /* BOARDCOVER.swift */; };
		06EEA1DD25A1E94F0023BB1D /* CLOCKSYNC.swift in Sources */ = {isa = PBXBuildFile; fileRef = 06EEA1DC25A1E94F0023BB1D /* CLOCKSYNC.swift */; };
		06EEB5B9252476DC003CED60 /* P12945.swift in Sources */ = {isa = PBXBuildFile; fileRef = 06EEB5B8252476DC003CED60 /* P12945.swift */; };
		06F0DBDB255FD63900F54CA1 /* P17687.swift in Sources */ = {isa = PBXBuildFile; fileRef = 06F0DBDA255FD63900F54CA1 /* P17687.swift */; };
		06F37FED258784C700E8F999 /* SkillLevelTest1.swift in Sources */ = {isa = PBXBuildFile; fileRef = 06F37FEC258784C700E8F999 /* SkillLevelTest1.swift */; };
		06F37FF32589AD1400E8F999 /* SkillLevelTest2.swift in Sources */ = {isa = PBXBuildFile; fileRef = 06F37FF22589AD1400E8F999 /* SkillLevelTest2.swift */; };
		06F51578263CF909008FB5BD /* 2021라인 인턴십.swift in Sources */ = {isa = PBXBuildFile; fileRef = 06F51577263CF909008FB5BD /* 2021라인 인턴십.swift */; };
		06F5157F264045F2008FB5BD /* P77485.swift in Sources */ = {isa = PBXBuildFile; fileRef = 06F5157E264045F2008FB5BD /* P77485.swift */; };
		06F5158326414093008FB5BD /* MakeTree.swift in Sources */ = {isa = PBXBuildFile; fileRef = 06F5158226414093008FB5BD /* MakeTree.swift */; };
		06F515862641416A008FB5BD /* P42892.swift in Sources */ = {isa = PBXBuildFile; fileRef = 06F515852641416A008FB5BD /* P42892.swift */; };
		06F5158C26468D58008FB5BD /* 2021카카오인턴십.swift in Sources */ = {isa = PBXBuildFile; fileRef = 06F5158B26468D58008FB5BD /* 2021카카오인턴십.swift */; };
		06F51590264D041B008FB5BD /* P12979.swift in Sources */ = {isa = PBXBuildFile; fileRef = 06F5158F264D041A008FB5BD /* P12979.swift */; };
		06F51595264D430F008FB5BD /* LeetCode20210513.swift in Sources */ = {isa = PBXBuildFile; fileRef = 06F51594264D430F008FB5BD /* LeetCode20210513.swift */; };
		06F51598264E6364008FB5BD /* 피보나치수열.swift in Sources */ = {isa = PBXBuildFile; fileRef = 06F51597264E6364008FB5BD /* 피보나치수열.swift */; };
		06F5159B264E7BE1008FB5BD /* LeetCode20210514.swift in Sources */ = {isa = PBXBuildFile; fileRef = 06F5159A264E7BE1008FB5BD /* LeetCode20210514.swift */; };
		06FE86CC249CD25E00F770F4 /* 4948.swift in Sources */ = {isa = PBXBuildFile; fileRef = 06FE86CB249CD25E00F770F4 /* 4948.swift */; };
		06FE86EE249DADC600F770F4 /* ProgrammersHIndex.swift in Sources */ = {isa = PBXBuildFile; fileRef = 06FE86ED249DADC600F770F4 /* ProgrammersHIndex.swift */; };
		06FE86F024A091D700F770F4 /* 9020.swift in Sources */ = {isa = PBXBuildFile; fileRef = 06FE86EF24A091D700F770F4 /* 9020.swift */; };
/* End PBXBuildFile section */

/* Begin PBXCopyFilesBuildPhase section */
		06D3E6EA248DEF8E00360CCD /* CopyFiles */ = {
			isa = PBXCopyFilesBuildPhase;
			buildActionMask = 2147483647;
			dstPath = /usr/share/man/man1/;
			dstSubfolderSpec = 0;
			files = (
			);
			runOnlyForDeploymentPostprocessing = 1;
		};
/* End PBXCopyFilesBuildPhase section */

/* Begin PBXFileReference section */
		0609A0222618780300A81A2F /* 2021채널코퍼레이션.swift */ = {isa = PBXFileReference; lastKnownFileType = sourcecode.swift; path = "2021채널코퍼레이션.swift"; sourceTree = "<group>"; };
		060D5D9924EBC6D3002273DD /* P42842.swift */ = {isa = PBXFileReference; lastKnownFileType = sourcecode.swift; path = P42842.swift; sourceTree = "<group>"; };
		060D5D9B24F0F21E002273DD /* P42883.swift */ = {isa = PBXFileReference; lastKnownFileType = sourcecode.swift; path = P42883.swift; sourceTree = "<group>"; };
		060D5DBD24F22CA6002273DD /* socarCodeTest.swift */ = {isa = PBXFileReference; lastKnownFileType = sourcecode.swift; path = socarCodeTest.swift; sourceTree = "<group>"; };
		060D5DBF24F57276002273DD /* 9663.swift */ = {isa = PBXFileReference; lastKnownFileType = sourcecode.swift; path = 9663.swift; sourceTree = "<group>"; };
		060D5DE524F6B8C4002273DD /* P42746.swift */ = {isa = PBXFileReference; lastKnownFileType = sourcecode.swift; path = P42746.swift; sourceTree = "<group>"; };
		060D5DE724F81646002273DD /* P42578.swift */ = {isa = PBXFileReference; lastKnownFileType = sourcecode.swift; path = P42578.swift; sourceTree = "<group>"; };
		060D5DE924FAB23E002273DD /* Extension+GCD.swift */ = {isa = PBXFileReference; lastKnownFileType = sourcecode.swift; path = "Extension+GCD.swift"; sourceTree = "<group>"; };
		060D5DEB24FAB4FF002273DD /* P62048.swift */ = {isa = PBXFileReference; lastKnownFileType = sourcecode.swift; path = P62048.swift; sourceTree = "<group>"; };
		060D5DED24FE2C15002273DD /* P60057.swift */ = {isa = PBXFileReference; lastKnownFileType = sourcecode.swift; path = P60057.swift; sourceTree = "<group>"; };
		0615687C253D924700A9CBD4 /* P12985.swift */ = {isa = PBXFileReference; lastKnownFileType = sourcecode.swift; path = P12985.swift; sourceTree = "<group>"; };
		06156886253FCDA000A9CBD4 /* P17677.swift */ = {isa = PBXFileReference; lastKnownFileType = sourcecode.swift; path = P17677.swift; sourceTree = "<group>"; };
		0617A6032582589A00A58034 /* P49189.swift */ = {isa = PBXFileReference; lastKnownFileType = sourcecode.swift; path = P49189.swift; sourceTree = "<group>"; };
		06222E67253C155A0009720E /* P12981.swift */ = {isa = PBXFileReference; lastKnownFileType = sourcecode.swift; path = P12981.swift; sourceTree = "<group>"; };
		062A9330251102A400259794 /* P12941.swift */ = {isa = PBXFileReference; lastKnownFileType = sourcecode.swift; path = P12941.swift; sourceTree = "<group>"; };
		062A93662514A64700259794 /* P68645.swift */ = {isa = PBXFileReference; lastKnownFileType = sourcecode.swift; path = P68645.swift; sourceTree = "<group>"; };
		06334CD9251E1A7B000DD4D7 /* P12953.swift */ = {isa = PBXFileReference; lastKnownFileType = sourcecode.swift; path = P12953.swift; sourceTree = "<group>"; };
		06334CDB251E3026000DD4D7 /* P43163.swift */ = {isa = PBXFileReference; lastKnownFileType = sourcecode.swift; path = P43163.swift; sourceTree = "<group>"; };
		06334CDD251ECFB0000DD4D7 /* 네이버2020하반기 공채코테.swift */ = {isa = PBXFileReference; lastKnownFileType = sourcecode.swift; path = "네이버2020하반기 공채코테.swift"; sourceTree = "<group>"; };
		063698D924C84E6300C1C900 /* 6603.swift */ = {isa = PBXFileReference; lastKnownFileType = sourcecode.swift; path = 6603.swift; sourceTree = "<group>"; };
		063698DB24C87ED900C1C900 /* 2503.swift */ = {isa = PBXFileReference; lastKnownFileType = sourcecode.swift; path = 2503.swift; sourceTree = "<group>"; };
		06371D8225ADE28400FBD087 /* P43238.swift */ = {isa = PBXFileReference; lastKnownFileType = sourcecode.swift; path = P43238.swift; sourceTree = "<group>"; };
		06371D8825B0681300FBD087 /* P43164.swift */ = {isa = PBXFileReference; lastKnownFileType = sourcecode.swift; path = P43164.swift; sourceTree = "<group>"; };
		06375F0A2547E8F900072626 /* P17680.swift */ = {isa = PBXFileReference; lastKnownFileType = sourcecode.swift; path = P17680.swift; sourceTree = "<group>"; };
		06375F122549578700072626 /* P42890.swift */ = {isa = PBXFileReference; lastKnownFileType = sourcecode.swift; path = P42890.swift; sourceTree = "<group>"; };
		06375F18254A94C400072626 /* P17683.swift */ = {isa = PBXFileReference; lastKnownFileType = sourcecode.swift; path = P17683.swift; sourceTree = "<group>"; };
		0637E3BD25DFA108008049F7 /* P42587.swift */ = {isa = PBXFileReference; lastKnownFileType = sourcecode.swift; path = P42587.swift; sourceTree = "<group>"; };
		0637E3C125DFBFD5008049F7 /* P42860_2.swift */ = {isa = PBXFileReference; lastKnownFileType = sourcecode.swift; path = P42860_2.swift; sourceTree = "<group>"; };
		0637E3C725E23751008049F7 /* P12946.swift */ = {isa = PBXFileReference; lastKnownFileType = sourcecode.swift; path = P12946.swift; sourceTree = "<group>"; };
		0637E3F425E6730C008049F7 /* P42883_2.swift */ = {isa = PBXFileReference; lastKnownFileType = sourcecode.swift; path = P42883_2.swift; sourceTree = "<group>"; };
		064397022559501C008F37FD /* P17686.swift */ = {isa = PBXFileReference; lastKnownFileType = sourcecode.swift; path = P17686.swift; sourceTree = "<group>"; };
		06439713255AA1E1008F37FD /* MakeDictionary.swift */ = {isa = PBXFileReference; lastKnownFileType = sourcecode.swift; path = MakeDictionary.swift; sourceTree = "<group>"; };
		064D9191265012FA0064AB94 /* LeetCode20210515.swift */ = {isa = PBXFileReference; lastKnownFileType = sourcecode.swift; path = LeetCode20210515.swift; sourceTree = "<group>"; };
		064D919326526CB50064AB94 /* LeetCode20210517.swift */ = {isa = PBXFileReference; lastKnownFileType = sourcecode.swift; path = LeetCode20210517.swift; sourceTree = "<group>"; };
		064D91952653A4290064AB94 /* LeetCode20210518.swift */ = {isa = PBXFileReference; lastKnownFileType = sourcecode.swift; path = LeetCode20210518.swift; sourceTree = "<group>"; };
		064D91B72655473F0064AB94 /* LeetCode20210519.swift */ = {isa = PBXFileReference; lastKnownFileType = sourcecode.swift; path = LeetCode20210519.swift; sourceTree = "<group>"; };
		064D91B9265658010064AB94 /* LeetCode20210520.swift */ = {isa = PBXFileReference; lastKnownFileType = sourcecode.swift; path = LeetCode20210520.swift; sourceTree = "<group>"; };
		064D91BB2658F4820064AB94 /* LeetCode20210521.swift */ = {isa = PBXFileReference; lastKnownFileType = sourcecode.swift; path = LeetCode20210521.swift; sourceTree = "<group>"; };
		064D91BD26590F120064AB94 /* LeetCode20210522.swift */ = {isa = PBXFileReference; lastKnownFileType = sourcecode.swift; path = LeetCode20210522.swift; sourceTree = "<group>"; };
		064D91C1265D198E0064AB94 /* LeetCode20210524.swift */ = {isa = PBXFileReference; lastKnownFileType = sourcecode.swift; path = LeetCode20210524.swift; sourceTree = "<group>"; };
		064D91C3265D204C0064AB94 /* LeetCode20210525.swift */ = {isa = PBXFileReference; lastKnownFileType = sourcecode.swift; path = LeetCode20210525.swift; sourceTree = "<group>"; };
		064D91C5265E4F1F0064AB94 /* LeetCode20210526.swift */ = {isa = PBXFileReference; lastKnownFileType = sourcecode.swift; path = LeetCode20210526.swift; sourceTree = "<group>"; };
		064D91C7265FDE160064AB94 /* LeetCode20210527.swift */ = {isa = PBXFileReference; lastKnownFileType = sourcecode.swift; path = LeetCode20210527.swift; sourceTree = "<group>"; };
		064D91C92660D8D80064AB94 /* LeetCode20210528.swift */ = {isa = PBXFileReference; lastKnownFileType = sourcecode.swift; path = LeetCode20210528.swift; sourceTree = "<group>"; };
		064D91EB2662536C0064AB94 /* LeetCode20210529.swift */ = {isa = PBXFileReference; lastKnownFileType = sourcecode.swift; path = LeetCode20210529.swift; sourceTree = "<group>"; };
		064D91ED2663C1E00064AB94 /* LeetCdoe20210530.swift */ = {isa = PBXFileReference; lastKnownFileType = sourcecode.swift; path = LeetCdoe20210530.swift; sourceTree = "<group>"; };
		064D920F2665FF9C0064AB94 /* LeetCode20210531.swift */ = {isa = PBXFileReference; lastKnownFileType = sourcecode.swift; path = LeetCode20210531.swift; sourceTree = "<group>"; };
		0654370724A2145900210383 /* P64061.swift */ = {isa = PBXFileReference; lastKnownFileType = sourcecode.swift; path = P64061.swift; sourceTree = "<group>"; };
		0654370B24A315B900210383 /* 10872.swift */ = {isa = PBXFileReference; lastKnownFileType = sourcecode.swift; path = 10872.swift; sourceTree = "<group>"; };
		0654371D24A3748700210383 /* P43165.swift */ = {isa = PBXFileReference; lastKnownFileType = sourcecode.swift; path = P43165.swift; sourceTree = "<group>"; };
		0654371F24A48AD500210383 /* P43162.swift */ = {isa = PBXFileReference; lastKnownFileType = sourcecode.swift; path = P43162.swift; sourceTree = "<group>"; };
		0654375224A5A33000210383 /* 2468.swift */ = {isa = PBXFileReference; lastKnownFileType = sourcecode.swift; path = 2468.swift; sourceTree = "<group>"; };
		065A8F6C25551F4A001C11A5 /* MakeOptional.swift */ = {isa = PBXFileReference; lastKnownFileType = sourcecode.swift; path = MakeOptional.swift; sourceTree = "<group>"; };
		065A8F7025552B84001C11A5 /* P17684.swift */ = {isa = PBXFileReference; lastKnownFileType = sourcecode.swift; path = P17684.swift; sourceTree = "<group>"; };
		065DD139259DDB60008CAC7B /* MakeCOW.swift */ = {isa = PBXFileReference; lastKnownFileType = sourcecode.swift; path = MakeCOW.swift; sourceTree = "<group>"; };
		065F2FCF2499D0F0003A0156 /* Extension+sosu.swift */ = {isa = PBXFileReference; lastKnownFileType = sourcecode.swift; path = "Extension+sosu.swift"; sourceTree = "<group>"; };
		065F2FD42499E2D6003A0156 /* 2581.swift */ = {isa = PBXFileReference; lastKnownFileType = sourcecode.swift; path = 2581.swift; sourceTree = "<group>"; };
		065F2FD7249A331C003A0156 /* ProgrammersPrinter.swift */ = {isa = PBXFileReference; lastKnownFileType = sourcecode.swift; path = ProgrammersPrinter.swift; sourceTree = "<group>"; };
		065F2FD9249B4F13003A0156 /* 1021.swift */ = {isa = PBXFileReference; lastKnownFileType = sourcecode.swift; path = 1021.swift; sourceTree = "<group>"; };
		0660F38B250B95800059824A /* P12939.swift */ = {isa = PBXFileReference; lastKnownFileType = sourcecode.swift; path = P12939.swift; sourceTree = "<group>"; };
		0660F3BD250BBF140059824A /* P67257.swift */ = {isa = PBXFileReference; lastKnownFileType = sourcecode.swift; path = P67257.swift; sourceTree = "<group>"; };
		0660F3BF250C93850059824A /* kakao2020하반기공채.swift */ = {isa = PBXFileReference; lastKnownFileType = sourcecode.swift; path = "kakao2020하반기공채.swift"; sourceTree = "<group>"; };
		0660F3C1250D04CD0059824A /* Extension+Array.swift */ = {isa = PBXFileReference; lastKnownFileType = sourcecode.swift; path = "Extension+Array.swift"; sourceTree = "<group>"; };
		0660F3C5250DA8EA0059824A /* Line2020하반기공채.swift */ = {isa = PBXFileReference; lastKnownFileType = sourcecode.swift; path = "Line2020하반기공채.swift"; sourceTree = "<group>"; };
		0660F3C7250DE0990059824A /* Heap.swift */ = {isa = PBXFileReference; lastKnownFileType = sourcecode.swift; path = Heap.swift; sourceTree = "<group>"; };
		0666F82825B42B090009A9C1 /* P42579.swift */ = {isa = PBXFileReference; lastKnownFileType = sourcecode.swift; path = P42579.swift; sourceTree = "<group>"; };
		0666F82D25B815B40009A9C1 /* P49191.swift */ = {isa = PBXFileReference; lastKnownFileType = sourcecode.swift; path = P49191.swift; sourceTree = "<group>"; };
		0666F85F25C017310009A9C1 /* P72411.swift */ = {isa = PBXFileReference; lastKnownFileType = sourcecode.swift; path = P72411.swift; sourceTree = "<group>"; };
		0666F89025C2D7DD0009A9C1 /* P12904.swift */ = {isa = PBXFileReference; lastKnownFileType = sourcecode.swift; path = P12904.swift; sourceTree = "<group>"; };
		0666F8B525C6C42A0009A9C1 /* P60062.swift */ = {isa = PBXFileReference; lastKnownFileType = sourcecode.swift; path = P60062.swift; sourceTree = "<group>"; };
		0666F8BA25C95F050009A9C1 /* P12914.swift */ = {isa = PBXFileReference; lastKnownFileType = sourcecode.swift; path = P12914.swift; sourceTree = "<group>"; };
		066C27FF260B65D000A67F1F /* P72410.swift */ = {isa = PBXFileReference; lastKnownFileType = sourcecode.swift; path = P72410.swift; sourceTree = "<group>"; };
		066C280D260F6BFD00A67F1F /* P72413.swift */ = {isa = PBXFileReference; lastKnownFileType = sourcecode.swift; path = P72413.swift; sourceTree = "<group>"; };
		066C28102611A0F400A67F1F /* MakePrioriryQueue.swift */ = {isa = PBXFileReference; lastKnownFileType = sourcecode.swift; path = MakePrioriryQueue.swift; sourceTree = "<group>"; };
		066C28132611A12600A67F1F /* P42627.swift */ = {isa = PBXFileReference; lastKnownFileType = sourcecode.swift; path = P42627.swift; sourceTree = "<group>"; };
		066C28162612F49800A67F1F /* P42628.swift */ = {isa = PBXFileReference; lastKnownFileType = sourcecode.swift; path = P42628.swift; sourceTree = "<group>"; };
		066C281A26145F3500A67F1F /* P42842_2.swift */ = {isa = PBXFileReference; lastKnownFileType = sourcecode.swift; path = P42842_2.swift; sourceTree = "<group>"; };
		066C2844261759BF00A67F1F /* P17686_2.swift */ = {isa = PBXFileReference; lastKnownFileType = sourcecode.swift; path = P17686_2.swift; sourceTree = "<group>"; };
		066C2849261839BA00A67F1F /* 2021카카오커머스상반기.swift */ = {isa = PBXFileReference; lastKnownFileType = sourcecode.swift; path = "2021카카오커머스상반기.swift"; sourceTree = "<group>"; };
		06705257254570B700ECAE1C /* P17679.swift */ = {isa = PBXFileReference; lastKnownFileType = sourcecode.swift; path = P17679.swift; sourceTree = "<group>"; };
		0671D2FF2564DFD2000E9B07 /* P17676.swift */ = {isa = PBXFileReference; lastKnownFileType = sourcecode.swift; path = P17676.swift; sourceTree = "<group>"; };
		067BBB622668D1B0004F5435 /* LeetCode20210603.swift */ = {isa = PBXFileReference; lastKnownFileType = sourcecode.swift; path = LeetCode20210603.swift; sourceTree = "<group>"; };
		067BBB66266B504D004F5435 /* 2021 라인 핀테크 인턴십.swift */ = {isa = PBXFileReference; lastKnownFileType = sourcecode.swift; path = "2021 라인 핀테크 인턴십.swift"; sourceTree = "<group>"; };
		067FB75425F1018E0026B19C /* P72412.swift */ = {isa = PBXFileReference; lastKnownFileType = sourcecode.swift; path = P72412.swift; sourceTree = "<group>"; };
		06813180252ACCFB0081A99F /* P12949.swift */ = {isa = PBXFileReference; lastKnownFileType = sourcecode.swift; path = P12949.swift; sourceTree = "<group>"; };
		06813183252AD7C20081A99F /* P12951.swift */ = {isa = PBXFileReference; lastKnownFileType = sourcecode.swift; path = P12951.swift; sourceTree = "<group>"; };
		068131D9253074390081A99F /* Coupang2020하반기.swift */ = {isa = PBXFileReference; lastKnownFileType = sourcecode.swift; path = "Coupang2020하반기.swift"; sourceTree = "<group>"; };
		06831ACE24ACB1070067EAE6 /* 10870.swift */ = {isa = PBXFileReference; lastKnownFileType = sourcecode.swift; path = 10870.swift; sourceTree = "<group>"; };
		06837AED25F25322004EA12B /* P49994.swift */ = {isa = PBXFileReference; lastKnownFileType = sourcecode.swift; path = P49994.swift; sourceTree = "<group>"; };
		06837B0E25F8D03A004EA12B /* P12987.swift */ = {isa = PBXFileReference; lastKnownFileType = sourcecode.swift; path = P12987.swift; sourceTree = "<group>"; };
		06837B1125F8DC93004EA12B /* P42586_2.swift */ = {isa = PBXFileReference; lastKnownFileType = sourcecode.swift; path = P42586_2.swift; sourceTree = "<group>"; };
		0686516F24FF9A39008F0EB9 /* P60058.swift */ = {isa = PBXFileReference; lastKnownFileType = sourcecode.swift; path = P60058.swift; sourceTree = "<group>"; };
		068EC20625EE352900484FBB /* P62048_2.swift */ = {isa = PBXFileReference; lastKnownFileType = sourcecode.swift; path = P62048_2.swift; sourceTree = "<group>"; };
		068EC20B25EE4A8000484FBB /* P42839_2.swift */ = {isa = PBXFileReference; lastKnownFileType = sourcecode.swift; path = P42839_2.swift; sourceTree = "<group>"; };
		068EC21425EF9ABA00484FBB /* P67257_2.swift */ = {isa = PBXFileReference; lastKnownFileType = sourcecode.swift; path = P67257_2.swift; sourceTree = "<group>"; };
		068EC21725EFC4EA00484FBB /* P68936.swift */ = {isa = PBXFileReference; lastKnownFileType = sourcecode.swift; path = P68936.swift; sourceTree = "<group>"; };
		069735A32668ABDC00276673 /* LeetCode20210602.swift */ = {isa = PBXFileReference; lastKnownFileType = sourcecode.swift; path = LeetCode20210602.swift; sourceTree = "<group>"; };
		069BB3AF256D3B2300BF5F9D /* P68646.swift */ = {isa = PBXFileReference; lastKnownFileType = sourcecode.swift; path = P68646.swift; sourceTree = "<group>"; };
		069BB3B2256D5C7F00BF5F9D /* MakeNormalSort.swift */ = {isa = PBXFileReference; lastKnownFileType = sourcecode.swift; path = MakeNormalSort.swift; sourceTree = "<group>"; };
		069E3CE02491FEAA00100D7C /* 2941.swift */ = {isa = PBXFileReference; lastKnownFileType = sourcecode.swift; path = 2941.swift; sourceTree = "<group>"; };
		069E3CE22493124100100D7C /* 2839.swift */ = {isa = PBXFileReference; lastKnownFileType = sourcecode.swift; path = 2839.swift; sourceTree = "<group>"; };
		069E3D052494A20000100D7C /* 2292.swift */ = {isa = PBXFileReference; lastKnownFileType = sourcecode.swift; path = 2292.swift; sourceTree = "<group>"; };
		069E3D072495D98600100D7C /* 2869.swift */ = {isa = PBXFileReference; lastKnownFileType = sourcecode.swift; path = 2869.swift; sourceTree = "<group>"; };
		069E3D0924973F2900100D7C /* 10250.swift */ = {isa = PBXFileReference; lastKnownFileType = sourcecode.swift; path = 10250.swift; sourceTree = "<group>"; };
		069E3D2224985AC200100D7C /* 1978.swift */ = {isa = PBXFileReference; lastKnownFileType = sourcecode.swift; path = 1978.swift; sourceTree = "<group>"; };
		069E3EBA25A802E50088D690 /* P60061.swift */ = {isa = PBXFileReference; lastKnownFileType = sourcecode.swift; path = P60061.swift; sourceTree = "<group>"; };
		069E3EBE25A809F10088D690 /* LG전자인턴코테.swift */ = {isa = PBXFileReference; lastKnownFileType = sourcecode.swift; path = "LG전자인턴코테.swift"; sourceTree = "<group>"; };
		069F95162590C12700B64999 /* P42861.swift */ = {isa = PBXFileReference; lastKnownFileType = sourcecode.swift; path = P42861.swift; sourceTree = "<group>"; };
		06A2B1092536ED720013BCAD /* P12973.swift */ = {isa = PBXFileReference; lastKnownFileType = sourcecode.swift; path = P12973.swift; sourceTree = "<group>"; };
		06A2B10C2536F3ED0013BCAD /* P12977.swift */ = {isa = PBXFileReference; lastKnownFileType = sourcecode.swift; path = P12977.swift; sourceTree = "<group>"; };
		06A2B129253AC9260013BCAD /* P12980.swift */ = {isa = PBXFileReference; lastKnownFileType = sourcecode.swift; path = P12980.swift; sourceTree = "<group>"; };
		06A720B124CFF9E500ED31DC /* 2003.swift */ = {isa = PBXFileReference; lastKnownFileType = sourcecode.swift; path = 2003.swift; sourceTree = "<group>"; };
		06A720B324D18C5900ED31DC /* 1107.swift */ = {isa = PBXFileReference; lastKnownFileType = sourcecode.swift; path = 1107.swift; sourceTree = "<group>"; };
		06A720B524D1B95B00ED31DC /* 11726.swift */ = {isa = PBXFileReference; lastKnownFileType = sourcecode.swift; path = 11726.swift; sourceTree = "<group>"; };
		06A720B724D1B96200ED31DC /* 9095.swift */ = {isa = PBXFileReference; lastKnownFileType = sourcecode.swift; path = 9095.swift; sourceTree = "<group>"; };
		06A720B924D2581E00ED31DC /* P42895.swift */ = {isa = PBXFileReference; lastKnownFileType = sourcecode.swift; path = P42895.swift; sourceTree = "<group>"; };
		06A720BB24D2606D00ED31DC /* tossTestCode.swift */ = {isa = PBXFileReference; lastKnownFileType = sourcecode.swift; path = tossTestCode.swift; sourceTree = "<group>"; };
		06A720BD24D4049100ED31DC /* 11729.swift */ = {isa = PBXFileReference; lastKnownFileType = sourcecode.swift; path = 11729.swift; sourceTree = "<group>"; };
		06A720BF24D5431700ED31DC /* tossCodeTest.swift */ = {isa = PBXFileReference; lastKnownFileType = sourcecode.swift; path = tossCodeTest.swift; sourceTree = "<group>"; };
		06A720C224D722AE00ED31DC /* 2447.swift */ = {isa = PBXFileReference; lastKnownFileType = sourcecode.swift; path = 2447.swift; sourceTree = "<group>"; };
		06A720C424D7A54F00ED31DC /* 7568.swift */ = {isa = PBXFileReference; lastKnownFileType = sourcecode.swift; path = 7568.swift; sourceTree = "<group>"; };
		06A7D4BA25FF4C00005348A4 /* P49993.swift */ = {isa = PBXFileReference; lastKnownFileType = sourcecode.swift; path = P49993.swift; sourceTree = "<group>"; };
		06A7D4BD25FF5EFE005348A4 /* P42583.swift */ = {isa = PBXFileReference; lastKnownFileType = sourcecode.swift; path = P42583.swift; sourceTree = "<group>"; };
		06A7D4DC260091B8005348A4 /* P60057_2.swift */ = {isa = PBXFileReference; lastKnownFileType = sourcecode.swift; path = P60057_2.swift; sourceTree = "<group>"; };
		06A7D4E52601F583005348A4 /* P42746_2.swift */ = {isa = PBXFileReference; lastKnownFileType = sourcecode.swift; path = P42746_2.swift; sourceTree = "<group>"; };
		06A7D4E826021045005348A4 /* P60058_2.swift */ = {isa = PBXFileReference; lastKnownFileType = sourcecode.swift; path = P60058_2.swift; sourceTree = "<group>"; };
		06A7D4EC26038350005348A4 /* P72411_2.swift */ = {isa = PBXFileReference; lastKnownFileType = sourcecode.swift; path = P72411_2.swift; sourceTree = "<group>"; };
		06A7D4EF260495EE005348A4 /* P42747.swift */ = {isa = PBXFileReference; lastKnownFileType = sourcecode.swift; path = P42747.swift; sourceTree = "<group>"; };
		06A7D4F22604A5DB005348A4 /* P42578_2.swift */ = {isa = PBXFileReference; lastKnownFileType = sourcecode.swift; path = P42578_2.swift; sourceTree = "<group>"; };
		06A7D4F62604CCD9005348A4 /* P43165_2.swift */ = {isa = PBXFileReference; lastKnownFileType = sourcecode.swift; path = P43165_2.swift; sourceTree = "<group>"; };
		06A7D4F92608B6B5005348A4 /* P64065_2.swift */ = {isa = PBXFileReference; lastKnownFileType = sourcecode.swift; path = P64065_2.swift; sourceTree = "<group>"; };
		06A7D4FD2608CC4B005348A4 /* P42888.swift */ = {isa = PBXFileReference; lastKnownFileType = sourcecode.swift; path = P42888.swift; sourceTree = "<group>"; };
		06ACFE6025021C4A00F2B74C /* P12905.swift */ = {isa = PBXFileReference; lastKnownFileType = sourcecode.swift; path = P12905.swift; sourceTree = "<group>"; };
		06ACFE62250607D200F2B74C /* P64065.swift */ = {isa = PBXFileReference; lastKnownFileType = sourcecode.swift; path = P64065.swift; sourceTree = "<group>"; };
		06ACFE642507773700F2B74C /* P12909.swift */ = {isa = PBXFileReference; lastKnownFileType = sourcecode.swift; path = P12909.swift; sourceTree = "<group>"; };
		06ACFE662508769200F2B74C /* P12913.swift */ = {isa = PBXFileReference; lastKnownFileType = sourcecode.swift; path = P12913.swift; sourceTree = "<group>"; };
		06BCB6F724D949A9005D8B3D /* 1018.swift */ = {isa = PBXFileReference; lastKnownFileType = sourcecode.swift; path = 1018.swift; sourceTree = "<group>"; };
		06BCB6F924DAA83E005D8B3D /* P12899.swift */ = {isa = PBXFileReference; lastKnownFileType = sourcecode.swift; path = P12899.swift; sourceTree = "<group>"; };
		06BCB6FB24DBFF97005D8B3D /* 1436.swift */ = {isa = PBXFileReference; lastKnownFileType = sourcecode.swift; path = 1436.swift; sourceTree = "<group>"; };
		06BCB6FD24E2D0E4005D8B3D /* 15649.swift */ = {isa = PBXFileReference; lastKnownFileType = sourcecode.swift; path = 15649.swift; sourceTree = "<group>"; };
		06BCB6FF24E59EFD005D8B3D /* 15650.swift */ = {isa = PBXFileReference; lastKnownFileType = sourcecode.swift; path = 15650.swift; sourceTree = "<group>"; };
		06BCB70124E66848005D8B3D /* 15651.swift */ = {isa = PBXFileReference; lastKnownFileType = sourcecode.swift; path = 15651.swift; sourceTree = "<group>"; };
		06BCB70624E91FFF005D8B3D /* P42860.swift */ = {isa = PBXFileReference; lastKnownFileType = sourcecode.swift; path = P42860.swift; sourceTree = "<group>"; };
		06BCB70824EAC217005D8B3D /* 15652.swift */ = {isa = PBXFileReference; lastKnownFileType = sourcecode.swift; path = 15652.swift; sourceTree = "<group>"; };
		06BDE19F254BEE3D00D732AF /* Extension+String.swift */ = {isa = PBXFileReference; lastKnownFileType = sourcecode.swift; path = "Extension+String.swift"; sourceTree = "<group>"; };
		06C2F26C2625D54A0090DD70 /* P17687_2.swift */ = {isa = PBXFileReference; lastKnownFileType = sourcecode.swift; path = P17687_2.swift; sourceTree = "<group>"; };
		06C2F26F2625DCCA0090DD70 /* P68644.swift */ = {isa = PBXFileReference; lastKnownFileType = sourcecode.swift; path = P68644.swift; sourceTree = "<group>"; };
		06C2F2722625F25B0090DD70 /* P42862.swift */ = {isa = PBXFileReference; lastKnownFileType = sourcecode.swift; path = P42862.swift; sourceTree = "<group>"; };
		06C2F27526261B7A0090DD70 /* P68935.swift */ = {isa = PBXFileReference; lastKnownFileType = sourcecode.swift; path = P68935.swift; sourceTree = "<group>"; };
		06C2F27826261FC70090DD70 /* P12921.swift */ = {isa = PBXFileReference; lastKnownFileType = sourcecode.swift; path = P12921.swift; sourceTree = "<group>"; };
		06C2F27B26262DD20090DD70 /* P42889.swift */ = {isa = PBXFileReference; lastKnownFileType = sourcecode.swift; path = P42889.swift; sourceTree = "<group>"; };
		06C2F27E2626BD0A0090DD70 /* P67256.swift */ = {isa = PBXFileReference; lastKnownFileType = sourcecode.swift; path = P67256.swift; sourceTree = "<group>"; };
		06C2F2A22626DB4D0090DD70 /* 스노우비타.swift */ = {isa = PBXFileReference; lastKnownFileType = sourcecode.swift; path = "스노우비타.swift"; sourceTree = "<group>"; };
		06C2F2E3262DBF500090DD70 /* P76501.swift */ = {isa = PBXFileReference; lastKnownFileType = sourcecode.swift; path = P76501.swift; sourceTree = "<group>"; };
		06C2F2E6262EC1C60090DD70 /* P17681.swift */ = {isa = PBXFileReference; lastKnownFileType = sourcecode.swift; path = P17681.swift; sourceTree = "<group>"; };
		06C2F2E9262EDC820090DD70 /* P17682.swift */ = {isa = PBXFileReference; lastKnownFileType = sourcecode.swift; path = P17682.swift; sourceTree = "<group>"; };
		06C2F2EC262F1B430090DD70 /* P76502.swift */ = {isa = PBXFileReference; lastKnownFileType = sourcecode.swift; path = P76502.swift; sourceTree = "<group>"; };
		06C2F30E26314F650090DD70 /* P64062.swift */ = {isa = PBXFileReference; lastKnownFileType = sourcecode.swift; path = P64062.swift; sourceTree = "<group>"; };
		06C2F3112631992D0090DD70 /* P67258.swift */ = {isa = PBXFileReference; lastKnownFileType = sourcecode.swift; path = P67258.swift; sourceTree = "<group>"; };
		06C2F3142632D4850090DD70 /* P67259.swift */ = {isa = PBXFileReference; lastKnownFileType = sourcecode.swift; path = P67259.swift; sourceTree = "<group>"; };
		06C2F3172636A15C0090DD70 /* P64064.swift */ = {isa = PBXFileReference; lastKnownFileType = sourcecode.swift; path = P64064.swift; sourceTree = "<group>"; };
		06C40E30259F407B0013F844 /* SystemTimer.swift */ = {isa = PBXFileReference; lastKnownFileType = sourcecode.swift; path = SystemTimer.swift; sourceTree = "<group>"; };
		06C40E35259F57E30013F844 /* PICNIC.swift */ = {isa = PBXFileReference; lastKnownFileType = sourcecode.swift; path = PICNIC.swift; sourceTree = "<group>"; };
		06CC021D2563B7B400872954 /* P70129.swift */ = {isa = PBXFileReference; lastKnownFileType = sourcecode.swift; path = P70129.swift; sourceTree = "<group>"; };
		06D33AF92573F3AD0093FDED /* P60059.swift */ = {isa = PBXFileReference; lastKnownFileType = sourcecode.swift; path = P60059.swift; sourceTree = "<group>"; };
		06D3E6EC248DEF8E00360CCD /* BaekJoon */ = {isa = PBXFileReference; explicitFileType = "compiled.mach-o.executable"; includeInIndex = 0; path = BaekJoon; sourceTree = BUILT_PRODUCTS_DIR; };
		06D3E6EF248DEF8E00360CCD /* main.swift */ = {isa = PBXFileReference; lastKnownFileType = sourcecode.swift; path = main.swift; sourceTree = "<group>"; };
		06D3E6F6248DFE3C00360CCD /* 10951.swift */ = {isa = PBXFileReference; lastKnownFileType = sourcecode.swift; path = 10951.swift; sourceTree = "<group>"; };
		06D3E6F8248E3CFF00360CCD /* 4673.swift */ = {isa = PBXFileReference; lastKnownFileType = sourcecode.swift; path = 4673.swift; sourceTree = "<group>"; };
		06D3E6FA248F23FF00360CCD /* 1065.swift */ = {isa = PBXFileReference; lastKnownFileType = sourcecode.swift; path = 1065.swift; sourceTree = "<group>"; };
		06D3E7062490748800360CCD /* 11720.swift */ = {isa = PBXFileReference; lastKnownFileType = sourcecode.swift; path = 11720.swift; sourceTree = "<group>"; };
		06E5110C2517516700B53299 /* Trie.swift */ = {isa = PBXFileReference; lastKnownFileType = sourcecode.swift; path = Trie.swift; sourceTree = "<group>"; };
		06EEA1D925A0AD820023BB1D /* BOARDCOVER.swift */ = {isa = PBXFileReference; lastKnownFileType = sourcecode.swift; path = BOARDCOVER.swift; sourceTree = "<group>"; };
		06EEA1DC25A1E94F0023BB1D /* CLOCKSYNC.swift */ = {isa = PBXFileReference; lastKnownFileType = sourcecode.swift; path = CLOCKSYNC.swift; sourceTree = "<group>"; };
		06EEB5B8252476DC003CED60 /* P12945.swift */ = {isa = PBXFileReference; lastKnownFileType = sourcecode.swift; path = P12945.swift; sourceTree = "<group>"; };
		06F0DBDA255FD63900F54CA1 /* P17687.swift */ = {isa = PBXFileReference; lastKnownFileType = sourcecode.swift; path = P17687.swift; sourceTree = "<group>"; };
		06F37FEC258784C700E8F999 /* SkillLevelTest1.swift */ = {isa = PBXFileReference; lastKnownFileType = sourcecode.swift; path = SkillLevelTest1.swift; sourceTree = "<group>"; };
		06F37FF22589AD1400E8F999 /* SkillLevelTest2.swift */ = {isa = PBXFileReference; lastKnownFileType = sourcecode.swift; path = SkillLevelTest2.swift; sourceTree = "<group>"; };
		06F51577263CF909008FB5BD /* 2021라인 인턴십.swift */ = {isa = PBXFileReference; lastKnownFileType = sourcecode.swift; path = "2021라인 인턴십.swift"; sourceTree = "<group>"; };
		06F5157E264045F2008FB5BD /* P77485.swift */ = {isa = PBXFileReference; lastKnownFileType = sourcecode.swift; path = P77485.swift; sourceTree = "<group>"; };
		06F5158226414093008FB5BD /* MakeTree.swift */ = {isa = PBXFileReference; lastKnownFileType = sourcecode.swift; path = MakeTree.swift; sourceTree = "<group>"; };
		06F515852641416A008FB5BD /* P42892.swift */ = {isa = PBXFileReference; lastKnownFileType = sourcecode.swift; path = P42892.swift; sourceTree = "<group>"; };
		06F5158B26468D58008FB5BD /* 2021카카오인턴십.swift */ = {isa = PBXFileReference; lastKnownFileType = sourcecode.swift; path = "2021카카오인턴십.swift"; sourceTree = "<group>"; };
		06F5158F264D041A008FB5BD /* P12979.swift */ = {isa = PBXFileReference; lastKnownFileType = sourcecode.swift; path = P12979.swift; sourceTree = "<group>"; };
		06F51594264D430F008FB5BD /* LeetCode20210513.swift */ = {isa = PBXFileReference; lastKnownFileType = sourcecode.swift; path = LeetCode20210513.swift; sourceTree = "<group>"; };
		06F51597264E6364008FB5BD /* 피보나치수열.swift */ = {isa = PBXFileReference; lastKnownFileType = sourcecode.swift; path = "피보나치수열.swift"; sourceTree = "<group>"; };
		06F5159A264E7BE1008FB5BD /* LeetCode20210514.swift */ = {isa = PBXFileReference; lastKnownFileType = sourcecode.swift; path = LeetCode20210514.swift; sourceTree = "<group>"; };
		06FE86CB249CD25E00F770F4 /* 4948.swift */ = {isa = PBXFileReference; lastKnownFileType = sourcecode.swift; path = 4948.swift; sourceTree = "<group>"; };
		06FE86ED249DADC600F770F4 /* ProgrammersHIndex.swift */ = {isa = PBXFileReference; lastKnownFileType = sourcecode.swift; path = ProgrammersHIndex.swift; sourceTree = "<group>"; };
		06FE86EF24A091D700F770F4 /* 9020.swift */ = {isa = PBXFileReference; lastKnownFileType = sourcecode.swift; path = 9020.swift; sourceTree = "<group>"; };
/* End PBXFileReference section */

/* Begin PBXFrameworksBuildPhase section */
		06D3E6E9248DEF8E00360CCD /* Frameworks */ = {
			isa = PBXFrameworksBuildPhase;
			buildActionMask = 2147483647;
			files = (
			);
			runOnlyForDeploymentPostprocessing = 0;
		};
/* End PBXFrameworksBuildPhase section */

/* Begin PBXGroup section */
		0617A6022582587300A58034 /* 11월 */ = {
			isa = PBXGroup;
			children = (
				06D33AF92573F3AD0093FDED /* P60059.swift */,
				069BB3AF256D3B2300BF5F9D /* P68646.swift */,
				0671D2FF2564DFD2000E9B07 /* P17676.swift */,
				06CC021D2563B7B400872954 /* P70129.swift */,
				064397022559501C008F37FD /* P17686.swift */,
				065A8F7025552B84001C11A5 /* P17684.swift */,
				06F0DBDA255FD63900F54CA1 /* P17687.swift */,
			);
			name = "11월";
			path = "11월";
			sourceTree = "<group>";
		};
		06371D8125ADE27500FBD087 /* 1월 */ = {
			isa = PBXGroup;
			children = (
				06371D8225ADE28400FBD087 /* P43238.swift */,
				06371D8825B0681300FBD087 /* P43164.swift */,
				0666F82825B42B090009A9C1 /* P42579.swift */,
				0666F82D25B815B40009A9C1 /* P49191.swift */,
				0666F85F25C017310009A9C1 /* P72411.swift */,
				0666F89025C2D7DD0009A9C1 /* P12904.swift */,
				0666F8B525C6C42A0009A9C1 /* P60062.swift */,
			);
			name = "1월";
			path = "1월";
			sourceTree = "<group>";
		};
		065A8F7325552B9D001C11A5 /* 10월 */ = {
			isa = PBXGroup;
			children = (
				06813180252ACCFB0081A99F /* P12949.swift */,
				06813183252AD7C20081A99F /* P12951.swift */,
				06A2B1092536ED720013BCAD /* P12973.swift */,
				06A2B10C2536F3ED0013BCAD /* P12977.swift */,
				06A2B129253AC9260013BCAD /* P12980.swift */,
				06222E67253C155A0009720E /* P12981.swift */,
				0615687C253D924700A9CBD4 /* P12985.swift */,
				06156886253FCDA000A9CBD4 /* P17677.swift */,
				06705257254570B700ECAE1C /* P17679.swift */,
				06375F0A2547E8F900072626 /* P17680.swift */,
				06375F122549578700072626 /* P42890.swift */,
				06375F18254A94C400072626 /* P17683.swift */,
			);
			name = "10월";
			path = "10월";
			sourceTree = "<group>";
		};
		065DD13F259F13B6008CAC7B /* 12월 */ = {
			isa = PBXGroup;
			children = (
				0617A6032582589A00A58034 /* P49189.swift */,
				069F95162590C12700B64999 /* P42861.swift */,
				06F37FEC258784C700E8F999 /* SkillLevelTest1.swift */,
				06F37FF22589AD1400E8F999 /* SkillLevelTest2.swift */,
			);
			name = "12월";
			path = "12월";
			sourceTree = "<group>";
		};
		065DD140259F13C2008CAC7B /* 2020년 */ = {
			isa = PBXGroup;
			children = (
				065DD13F259F13B6008CAC7B /* 12월 */,
				0617A6022582587300A58034 /* 11월 */,
				065A8F7325552B9D001C11A5 /* 10월 */,
				06EEB5DA252755A7003CED60 /* 9월 */,
				06ACFE68250876B400F2B74C /* 8월 */,
				06ACFE6B2508771200F2B74C /* 7월 */,
				06ACFE6A250876DF00F2B74C /* 6월 */,
			);
			name = "2020년";
			path = "2020년";
			sourceTree = "<group>";
		};
		065F2FD12499D3D1003A0156 /* Extension */ = {
			isa = PBXGroup;
			children = (
				065F2FCF2499D0F0003A0156 /* Extension+sosu.swift */,
				060D5DE924FAB23E002273DD /* Extension+GCD.swift */,
				0660F3C1250D04CD0059824A /* Extension+Array.swift */,
				0660F3C7250DE0990059824A /* Heap.swift */,
				06E5110C2517516700B53299 /* Trie.swift */,
				06BDE19F254BEE3D00D732AF /* Extension+String.swift */,
				06C40E30259F407B0013F844 /* SystemTimer.swift */,
			);
			path = Extension;
			sourceTree = "<group>";
		};
		065F2FD6249A32F8003A0156 /* Study */ = {
			isa = PBXGroup;
			children = (
				065F2FD7249A331C003A0156 /* ProgrammersPrinter.swift */,
				065F2FD9249B4F13003A0156 /* 1021.swift */,
				06FE86ED249DADC600F770F4 /* ProgrammersHIndex.swift */,
				0654370724A2145900210383 /* P64061.swift */,
				0654371D24A3748700210383 /* P43165.swift */,
				0654371F24A48AD500210383 /* P43162.swift */,
				0654375224A5A33000210383 /* 2468.swift */,
				063698D924C84E6300C1C900 /* 6603.swift */,
				063698DB24C87ED900C1C900 /* 2503.swift */,
				06A720B124CFF9E500ED31DC /* 2003.swift */,
				06A720B324D18C5900ED31DC /* 1107.swift */,
				06A720B524D1B95B00ED31DC /* 11726.swift */,
				06A720B724D1B96200ED31DC /* 9095.swift */,
				06A720B924D2581E00ED31DC /* P42895.swift */,
			);
			path = Study;
			sourceTree = "<group>";
		};
		0666F8B925C95EFE0009A9C1 /* 2월 */ = {
			isa = PBXGroup;
			children = (
				0666F8BA25C95F050009A9C1 /* P12914.swift */,
				0637E3BD25DFA108008049F7 /* P42587.swift */,
				0637E3C125DFBFD5008049F7 /* P42860_2.swift */,
				0637E3C725E23751008049F7 /* P12946.swift */,
				0637E3F425E6730C008049F7 /* P42883_2.swift */,
			);
			name = "2월";
			path = "2월";
			sourceTree = "<group>";
		};
		066C2843261759B900A67F1F /* 4월 */ = {
			isa = PBXGroup;
			children = (
				066C2844261759BF00A67F1F /* P17686_2.swift */,
				066C2849261839BA00A67F1F /* 2021카카오커머스상반기.swift */,
				0609A0222618780300A81A2F /* 2021채널코퍼레이션.swift */,
				06C2F26C2625D54A0090DD70 /* P17687_2.swift */,
				06C2F26F2625DCCA0090DD70 /* P68644.swift */,
				06C2F2722625F25B0090DD70 /* P42862.swift */,
				06C2F27526261B7A0090DD70 /* P68935.swift */,
				06C2F27826261FC70090DD70 /* P12921.swift */,
				06C2F27B26262DD20090DD70 /* P42889.swift */,
				06C2F27E2626BD0A0090DD70 /* P67256.swift */,
				06C2F2E3262DBF500090DD70 /* P76501.swift */,
				06C2F2E6262EC1C60090DD70 /* P17681.swift */,
				06C2F2E9262EDC820090DD70 /* P17682.swift */,
				06C2F2EC262F1B430090DD70 /* P76502.swift */,
				06C2F30E26314F650090DD70 /* P64062.swift */,
				06C2F3112631992D0090DD70 /* P67258.swift */,
				06C2F3142632D4850090DD70 /* P67259.swift */,
				06C2F3172636A15C0090DD70 /* P64064.swift */,
			);
			name = "4월";
			path = "4월";
			sourceTree = "<group>";
		};
		068EC20925EE353400484FBB /* 3월 */ = {
			isa = PBXGroup;
			children = (
				068EC20625EE352900484FBB /* P62048_2.swift */,
				068EC20B25EE4A8000484FBB /* P42839_2.swift */,
				068EC21425EF9ABA00484FBB /* P67257_2.swift */,
				068EC21725EFC4EA00484FBB /* P68936.swift */,
				067FB75425F1018E0026B19C /* P72412.swift */,
				06837AED25F25322004EA12B /* P49994.swift */,
				06837B0E25F8D03A004EA12B /* P12987.swift */,
				06837B1125F8DC93004EA12B /* P42586_2.swift */,
				06A7D4BA25FF4C00005348A4 /* P49993.swift */,
				06A7D4BD25FF5EFE005348A4 /* P42583.swift */,
				06A7D4DC260091B8005348A4 /* P60057_2.swift */,
				06A7D4E52601F583005348A4 /* P42746_2.swift */,
				06A7D4E826021045005348A4 /* P60058_2.swift */,
				06A7D4EC26038350005348A4 /* P72411_2.swift */,
				06A7D4EF260495EE005348A4 /* P42747.swift */,
				06A7D4F22604A5DB005348A4 /* P42578_2.swift */,
				06A7D4F62604CCD9005348A4 /* P43165_2.swift */,
				06A7D4F92608B6B5005348A4 /* P64065_2.swift */,
				06A7D4FD2608CC4B005348A4 /* P42888.swift */,
				066C27FF260B65D000A67F1F /* P72410.swift */,
				066C280D260F6BFD00A67F1F /* P72413.swift */,
				066C28132611A12600A67F1F /* P42627.swift */,
				066C28162612F49800A67F1F /* P42628.swift */,
				069E3EBA25A802E50088D690 /* P60061.swift */,
				066C281A26145F3500A67F1F /* P42842_2.swift */,
			);
			name = "3월";
			path = "3월";
			sourceTree = "<group>";
		};
		069735A22668ABC700276673 /* 6월 */ = {
			isa = PBXGroup;
			children = (
				069735A32668ABDC00276673 /* LeetCode20210602.swift */,
				067BBB622668D1B0004F5435 /* LeetCode20210603.swift */,
			);
			name = "6월";
			path = "6월";
			sourceTree = "<group>";
		};
		069E3EB925A802D90088D690 /* 2021년 */ = {
			isa = PBXGroup;
			children = (
				069735A22668ABC700276673 /* 6월 */,
				06F5157D264045E0008FB5BD /* 5월 */,
				066C2843261759B900A67F1F /* 4월 */,
				068EC20925EE353400484FBB /* 3월 */,
				0666F8B925C95EFE0009A9C1 /* 2월 */,
				06371D8125ADE27500FBD087 /* 1월 */,
			);
			name = "2021년";
			path = "2021년";
			sourceTree = "<group>";
		};
		06A720C124D6C82400ED31DC /* CodingTest */ = {
			isa = PBXGroup;
			children = (
				06A720BB24D2606D00ED31DC /* tossTestCode.swift */,
				06A720BF24D5431700ED31DC /* tossCodeTest.swift */,
				060D5DBD24F22CA6002273DD /* socarCodeTest.swift */,
				0660F3BF250C93850059824A /* kakao2020하반기공채.swift */,
				0660F3C5250DA8EA0059824A /* Line2020하반기공채.swift */,
				06334CDD251ECFB0000DD4D7 /* 네이버2020하반기 공채코테.swift */,
				068131D9253074390081A99F /* Coupang2020하반기.swift */,
				069E3EBE25A809F10088D690 /* LG전자인턴코테.swift */,
				06C2F2A22626DB4D0090DD70 /* 스노우비타.swift */,
				06F51577263CF909008FB5BD /* 2021라인 인턴십.swift */,
				06F5158B26468D58008FB5BD /* 2021카카오인턴십.swift */,
				067BBB66266B504D004F5435 /* 2021 라인 핀테크 인턴십.swift */,
			);
			path = CodingTest;
			sourceTree = "<group>";
		};
		06ACFE68250876B400F2B74C /* 8월 */ = {
			isa = PBXGroup;
			children = (
				06A720C224D722AE00ED31DC /* 2447.swift */,
				06A720C424D7A54F00ED31DC /* 7568.swift */,
				06BCB6F724D949A9005D8B3D /* 1018.swift */,
				06BCB6F924DAA83E005D8B3D /* P12899.swift */,
				06BCB6FB24DBFF97005D8B3D /* 1436.swift */,
				06BCB6FD24E2D0E4005D8B3D /* 15649.swift */,
				06BCB6FF24E59EFD005D8B3D /* 15650.swift */,
				06BCB70124E66848005D8B3D /* 15651.swift */,
				06BCB70624E91FFF005D8B3D /* P42860.swift */,
				06BCB70824EAC217005D8B3D /* 15652.swift */,
				060D5D9B24F0F21E002273DD /* P42883.swift */,
				060D5DBF24F57276002273DD /* 9663.swift */,
				060D5D9924EBC6D3002273DD /* P42842.swift */,
				060D5DE524F6B8C4002273DD /* P42746.swift */,
				060D5DE724F81646002273DD /* P42578.swift */,
				060D5DEB24FAB4FF002273DD /* P62048.swift */,
			);
			name = "8월";
			path = "8월";
			sourceTree = "<group>";
		};
		06ACFE6A250876DF00F2B74C /* 6월 */ = {
			isa = PBXGroup;
			children = (
				0654370B24A315B900210383 /* 10872.swift */,
				06FE86EF24A091D700F770F4 /* 9020.swift */,
				065F2FD42499E2D6003A0156 /* 2581.swift */,
				069E3D2224985AC200100D7C /* 1978.swift */,
				069E3D0924973F2900100D7C /* 10250.swift */,
				069E3D072495D98600100D7C /* 2869.swift */,
				069E3D052494A20000100D7C /* 2292.swift */,
				069E3CE22493124100100D7C /* 2839.swift */,
				069E3CE02491FEAA00100D7C /* 2941.swift */,
				06D3E7062490748800360CCD /* 11720.swift */,
				06D3E6FA248F23FF00360CCD /* 1065.swift */,
				06D3E6F8248E3CFF00360CCD /* 4673.swift */,
				06D3E6F6248DFE3C00360CCD /* 10951.swift */,
				06FE86CB249CD25E00F770F4 /* 4948.swift */,
			);
			name = "6월";
			path = "6월";
			sourceTree = "<group>";
		};
		06ACFE6B2508771200F2B74C /* 7월 */ = {
			isa = PBXGroup;
			children = (
				06A720BD24D4049100ED31DC /* 11729.swift */,
				06831ACE24ACB1070067EAE6 /* 10870.swift */,
			);
			name = "7월";
			path = "7월";
			sourceTree = "<group>";
		};
		06C40E33259F41B10013F844 /* 알고리즘책실습 */ = {
			isa = PBXGroup;
			children = (
				06C40E35259F57E30013F844 /* PICNIC.swift */,
				06EEA1D925A0AD820023BB1D /* BOARDCOVER.swift */,
				06EEA1DC25A1E94F0023BB1D /* CLOCKSYNC.swift */,
			);
			name = "알고리즘책실습";
			path = "알고리즘책실습";
			sourceTree = "<group>";
		};
		06D3E6E3248DEF8E00360CCD = {
			isa = PBXGroup;
			children = (
				06A720C124D6C82400ED31DC /* CodingTest */,
				065F2FD6249A32F8003A0156 /* Study */,
				06C40E33259F41B10013F844 /* 알고리즘책실습 */,
				06D3E6EE248DEF8E00360CCD /* BaekJoon */,
				06D3E6ED248DEF8E00360CCD /* Products */,
			);
			sourceTree = "<group>";
		};
		06D3E6ED248DEF8E00360CCD /* Products */ = {
			isa = PBXGroup;
			children = (
				06D3E6EC248DEF8E00360CCD /* BaekJoon */,
			);
			name = Products;
			sourceTree = "<group>";
		};
		06D3E6EE248DEF8E00360CCD /* BaekJoon */ = {
			isa = PBXGroup;
			children = (
				069E3EB925A802D90088D690 /* 2021년 */,
				065DD140259F13C2008CAC7B /* 2020년 */,
				06D3E6EF248DEF8E00360CCD /* main.swift */,
				065F2FD12499D3D1003A0156 /* Extension */,
				069BB3B2256D5C7F00BF5F9D /* MakeNormalSort.swift */,
				065DD139259DDB60008CAC7B /* MakeCOW.swift */,
				065A8F6C25551F4A001C11A5 /* MakeOptional.swift */,
				06439713255AA1E1008F37FD /* MakeDictionary.swift */,
				066C28102611A0F400A67F1F /* MakePrioriryQueue.swift */,
				06F5158226414093008FB5BD /* MakeTree.swift */,
				06F51597264E6364008FB5BD /* 피보나치수열.swift */,
			);
			path = BaekJoon;
			sourceTree = "<group>";
		};
		06EEB5DA252755A7003CED60 /* 9월 */ = {
			isa = PBXGroup;
			children = (
				060D5DED24FE2C15002273DD /* P60057.swift */,
				0686516F24FF9A39008F0EB9 /* P60058.swift */,
				06ACFE6025021C4A00F2B74C /* P12905.swift */,
				06ACFE62250607D200F2B74C /* P64065.swift */,
				06ACFE642507773700F2B74C /* P12909.swift */,
				06ACFE662508769200F2B74C /* P12913.swift */,
				0660F38B250B95800059824A /* P12939.swift */,
				0660F3BD250BBF140059824A /* P67257.swift */,
				062A9330251102A400259794 /* P12941.swift */,
				062A93662514A64700259794 /* P68645.swift */,
				06334CD9251E1A7B000DD4D7 /* P12953.swift */,
				06334CDB251E3026000DD4D7 /* P43163.swift */,
				06EEB5B8252476DC003CED60 /* P12945.swift */,
			);
			name = "9월";
			path = "9월";
			sourceTree = "<group>";
		};
		06F5157D264045E0008FB5BD /* 5월 */ = {
			isa = PBXGroup;
			children = (
				06F5157E264045F2008FB5BD /* P77485.swift */,
				06F515852641416A008FB5BD /* P42892.swift */,
				06F5158F264D041A008FB5BD /* P12979.swift */,
				06F51594264D430F008FB5BD /* LeetCode20210513.swift */,
				06F5159A264E7BE1008FB5BD /* LeetCode20210514.swift */,
				064D9191265012FA0064AB94 /* LeetCode20210515.swift */,
				064D919326526CB50064AB94 /* LeetCode20210517.swift */,
				064D91952653A4290064AB94 /* LeetCode20210518.swift */,
				064D91B72655473F0064AB94 /* LeetCode20210519.swift */,
				064D91B9265658010064AB94 /* LeetCode20210520.swift */,
				064D91BB2658F4820064AB94 /* LeetCode20210521.swift */,
				064D91BD26590F120064AB94 /* LeetCode20210522.swift */,
				064D91C1265D198E0064AB94 /* LeetCode20210524.swift */,
				064D91C3265D204C0064AB94 /* LeetCode20210525.swift */,
				064D91C5265E4F1F0064AB94 /* LeetCode20210526.swift */,
				064D91C7265FDE160064AB94 /* LeetCode20210527.swift */,
				064D91C92660D8D80064AB94 /* LeetCode20210528.swift */,
				064D91EB2662536C0064AB94 /* LeetCode20210529.swift */,
				064D91ED2663C1E00064AB94 /* LeetCdoe20210530.swift */,
				064D920F2665FF9C0064AB94 /* LeetCode20210531.swift */,
			);
			name = "5월";
			path = "5월";
			sourceTree = "<group>";
		};
/* End PBXGroup section */

/* Begin PBXNativeTarget section */
		06D3E6EB248DEF8E00360CCD /* BaekJoon */ = {
			isa = PBXNativeTarget;
			buildConfigurationList = 06D3E6F3248DEF8E00360CCD /* Build configuration list for PBXNativeTarget "BaekJoon" */;
			buildPhases = (
				06D3E6E8248DEF8E00360CCD /* Sources */,
				06D3E6E9248DEF8E00360CCD /* Frameworks */,
				06D3E6EA248DEF8E00360CCD /* CopyFiles */,
			);
			buildRules = (
			);
			dependencies = (
			);
			name = BaekJoon;
			productName = BaekJoon;
			productReference = 06D3E6EC248DEF8E00360CCD /* BaekJoon */;
			productType = "com.apple.product-type.tool";
		};
/* End PBXNativeTarget section */

/* Begin PBXProject section */
		06D3E6E4248DEF8E00360CCD /* Project object */ = {
			isa = PBXProject;
			attributes = {
				LastSwiftUpdateCheck = 1150;
				LastUpgradeCheck = 1150;
				ORGANIZATIONNAME = "남수김";
				TargetAttributes = {
					06D3E6EB248DEF8E00360CCD = {
						CreatedOnToolsVersion = 11.5;
					};
				};
			};
			buildConfigurationList = 06D3E6E7248DEF8E00360CCD /* Build configuration list for PBXProject "BaekJoon" */;
			compatibilityVersion = "Xcode 9.3";
			developmentRegion = en;
			hasScannedForEncodings = 0;
			knownRegions = (
				en,
				Base,
			);
			mainGroup = 06D3E6E3248DEF8E00360CCD;
			productRefGroup = 06D3E6ED248DEF8E00360CCD /* Products */;
			projectDirPath = "";
			projectRoot = "";
			targets = (
				06D3E6EB248DEF8E00360CCD /* BaekJoon */,
			);
		};
/* End PBXProject section */

/* Begin PBXSourcesBuildPhase section */
		06D3E6E8248DEF8E00360CCD /* Sources */ = {
			isa = PBXSourcesBuildPhase;
			buildActionMask = 2147483647;
			files = (
				06C2F2A32626DB4D0090DD70 /* 스노우비타.swift in Sources */,
				06813181252ACCFB0081A99F /* P12949.swift in Sources */,
				064D91BA265658010064AB94 /* LeetCode20210520.swift in Sources */,
				064D9192265012FA0064AB94 /* LeetCode20210515.swift in Sources */,
				066C280E260F6BFD00A67F1F /* P72413.swift in Sources */,
				068EC21825EFC4EA00484FBB /* P68936.swift in Sources */,
				06C40E36259F57E30013F844 /* PICNIC.swift in Sources */,
				064D91C4265D204C0064AB94 /* LeetCode20210525.swift in Sources */,
				06375F0B2547E8F900072626 /* P17680.swift in Sources */,
				06A7D4F0260495EE005348A4 /* P42747.swift in Sources */,
				06C2F3152632D4850090DD70 /* P67259.swift in Sources */,
				0654370C24A315B900210383 /* 10872.swift in Sources */,
				06A2B10A2536ED720013BCAD /* P12973.swift in Sources */,
				063698DC24C87ED900C1C900 /* 2503.swift in Sources */,
				069E3D0A24973F2900100D7C /* 10250.swift in Sources */,
				0666F89125C2D7DD0009A9C1 /* P12904.swift in Sources */,
				06334CDA251E1A7B000DD4D7 /* P12953.swift in Sources */,
				06F5159B264E7BE1008FB5BD /* LeetCode20210514.swift in Sources */,
				06A7D4F32604A5DB005348A4 /* P42578_2.swift in Sources */,
				06A720C024D5431700ED31DC /* tossCodeTest.swift in Sources */,
				060D5DEE24FE2C15002273DD /* P60057.swift in Sources */,
				0654372024A48AD500210383 /* P43162.swift in Sources */,
				06BCB6F824D949A9005D8B3D /* 1018.swift in Sources */,
				065F2FD52499E2D6003A0156 /* 2581.swift in Sources */,
				06A720B224CFF9E500ED31DC /* 2003.swift in Sources */,
				06156887253FCDA000A9CBD4 /* P17677.swift in Sources */,
				06C2F27F2626BD0A0090DD70 /* P67256.swift in Sources */,
				06837B0F25F8D03A004EA12B /* P12987.swift in Sources */,
				069E3EBF25A809F10088D690 /* LG전자인턴코테.swift in Sources */,
				06A720BE24D4049100ED31DC /* 11729.swift in Sources */,
				069E3CE32493124100100D7C /* 2839.swift in Sources */,
				0654371E24A3748700210383 /* P43165.swift in Sources */,
				069F95172590C12700B64999 /* P42861.swift in Sources */,
				064D91C8265FDE160064AB94 /* LeetCode20210527.swift in Sources */,
				06ACFE63250607D200F2B74C /* P64065.swift in Sources */,
				0666F82925B42B090009A9C1 /* P42579.swift in Sources */,
				06C2F3182636A15C0090DD70 /* P64064.swift in Sources */,
				066C284A261839BA00A67F1F /* 2021카카오커머스상반기.swift in Sources */,
				0617A6042582589A00A58034 /* P49189.swift in Sources */,
				06C2F27626261B7A0090DD70 /* P68935.swift in Sources */,
				06F51590264D041B008FB5BD /* P12979.swift in Sources */,
				060D5DE824F81646002273DD /* P42578.swift in Sources */,
				06831ACF24ACB1070067EAE6 /* 10870.swift in Sources */,
				06A720C524D7A54F00ED31DC /* 7568.swift in Sources */,
				06C2F2732625F25B0090DD70 /* P42862.swift in Sources */,
				06D3E7072490748800360CCD /* 11720.swift in Sources */,
				0671D3002564DFD2000E9B07 /* P17676.swift in Sources */,
				06222E68253C155A0009720E /* P12981.swift in Sources */,
				0660F3C6250DA8EA0059824A /* Line2020하반기공채.swift in Sources */,
				06371D8325ADE28400FBD087 /* P43238.swift in Sources */,
				06813184252AD7C20081A99F /* P12951.swift in Sources */,
				06E5110D2517516700B53299 /* Trie.swift in Sources */,
				0666F8BB25C95F050009A9C1 /* P12914.swift in Sources */,
				060D5DEC24FAB4FF002273DD /* P62048.swift in Sources */,
				064D92102665FF9C0064AB94 /* LeetCode20210531.swift in Sources */,
				06C2F2E7262EC1C60090DD70 /* P17681.swift in Sources */,
				066C28142611A12600A67F1F /* P42627.swift in Sources */,
				06C2F27926261FC70090DD70 /* P12921.swift in Sources */,
				06C2F27C26262DD20090DD70 /* P42889.swift in Sources */,
				06BCB6FC24DBFF97005D8B3D /* 1436.swift in Sources */,
				065DD13A259DDB60008CAC7B /* MakeCOW.swift in Sources */,
				06BCB6FE24E2D0E4005D8B3D /* 15649.swift in Sources */,
				06A720B824D1B96200ED31DC /* 9095.swift in Sources */,
				06D3E6F7248DFE3C00360CCD /* 10951.swift in Sources */,
				06F5158326414093008FB5BD /* MakeTree.swift in Sources */,
				064D91962653A4290064AB94 /* LeetCode20210518.swift in Sources */,
				06439714255AA1E1008F37FD /* MakeDictionary.swift in Sources */,
				06A720BA24D2581E00ED31DC /* P42895.swift in Sources */,
				06A7D4ED26038350005348A4 /* P72411_2.swift in Sources */,
				06D3E6FB248F23FF00360CCD /* 1065.swift in Sources */,
				06BCB70724E91FFF005D8B3D /* P42860.swift in Sources */,
				0666F82E25B815B40009A9C1 /* P49191.swift in Sources */,
				0660F3C2250D04CD0059824A /* Extension+Array.swift in Sources */,
				068EC20725EE352900484FBB /* P62048_2.swift in Sources */,
				066C28172612F49800A67F1F /* P42628.swift in Sources */,
				066C2800260B65D000A67F1F /* P72410.swift in Sources */,
				06ACFE6125021C4A00F2B74C /* P12905.swift in Sources */,
				064D91BC2658F4820064AB94 /* LeetCode20210521.swift in Sources */,
				06F37FF32589AD1400E8F999 /* SkillLevelTest2.swift in Sources */,
				0660F3BE250BBF140059824A /* P67257.swift in Sources */,
				06BDE1A0254BEE3D00D732AF /* Extension+String.swift in Sources */,
				06C2F26D2625D54A0090DD70 /* P17687_2.swift in Sources */,
				060D5DBE24F22CA6002273DD /* socarCodeTest.swift in Sources */,
				064D91CA2660D8D80064AB94 /* LeetCode20210528.swift in Sources */,
				064D919426526CB50064AB94 /* LeetCode20210517.swift in Sources */,
				0637E3BE25DFA108008049F7 /* P42587.swift in Sources */,
				069E3D2324985AC200100D7C /* 1978.swift in Sources */,
				067FB75525F1018E0026B19C /* P72412.swift in Sources */,
				06A720C324D722AE00ED31DC /* 2447.swift in Sources */,
				065F2FDA249B4F13003A0156 /* 1021.swift in Sources */,
				064D91B82655473F0064AB94 /* LeetCode20210519.swift in Sources */,
				064D91C2265D198E0064AB94 /* LeetCode20210524.swift in Sources */,
				066C2845261759BF00A67F1F /* P17686_2.swift in Sources */,
				066C28112611A0F400A67F1F /* MakePrioriryQueue.swift in Sources */,
				0666F86025C017310009A9C1 /* P72411.swift in Sources */,
				06A7D4BE25FF5EFE005348A4 /* P42583.swift in Sources */,
				0686517024FF9A39008F0EB9 /* P60058.swift in Sources */,
				0637E3F525E6730C008049F7 /* P42883_2.swift in Sources */,
				06ACFE672508769200F2B74C /* P12913.swift in Sources */,
				0637E3C225DFBFD5008049F7 /* P42860_2.swift in Sources */,
				0660F3C8250DE0990059824A /* Heap.swift in Sources */,
				062A93672514A64700259794 /* P68645.swift in Sources */,
				064D91EE2663C1E00064AB94 /* LeetCdoe20210530.swift in Sources */,
				0666F8B625C6C42A0009A9C1 /* P60062.swift in Sources */,
				06C40E31259F407B0013F844 /* SystemTimer.swift in Sources */,
				06EEA1DA25A0AD820023BB1D /* BOARDCOVER.swift in Sources */,
				06F37FED258784C700E8F999 /* SkillLevelTest1.swift in Sources */,
				060D5D9C24F0F21E002273DD /* P42883.swift in Sources */,
				06A2B12A253AC9260013BCAD /* P12980.swift in Sources */,
				066C281B26145F3500A67F1F /* P42842_2.swift in Sources */,
				06A7D4BB25FF4C00005348A4 /* P49993.swift in Sources */,
				069E3D062494A20000100D7C /* 2292.swift in Sources */,
				067BBB632668D1B0004F5435 /* LeetCode20210603.swift in Sources */,
				060D5DEA24FAB23E002273DD /* Extension+GCD.swift in Sources */,
				06ACFE652507773700F2B74C /* P12909.swift in Sources */,
				06334CDC251E3026000DD4D7 /* P43163.swift in Sources */,
				0637E3C825E23751008049F7 /* P12946.swift in Sources */,
				06BCB70924EAC217005D8B3D /* 15652.swift in Sources */,
				06F51598264E6364008FB5BD /* 피보나치수열.swift in Sources */,
				06A720BC24D2606D00ED31DC /* tossTestCode.swift in Sources */,
				065A8F7125552B84001C11A5 /* P17684.swift in Sources */,
				060D5DC024F57276002273DD /* 9663.swift in Sources */,
				0615687D253D924700A9CBD4 /* P12985.swift in Sources */,
				06CC021E2563B7B400872954 /* P70129.swift in Sources */,
				069BB3B3256D5C7F00BF5F9D /* MakeNormalSort.swift in Sources */,
				06D3E6F9248E3CFF00360CCD /* 4673.swift in Sources */,
				06FE86F024A091D700F770F4 /* 9020.swift in Sources */,
				068EC20C25EE4A8000484FBB /* P42839_2.swift in Sources */,
				06A7D4E926021045005348A4 /* P60058_2.swift in Sources */,
				0609A0232618780300A81A2F /* 2021채널코퍼레이션.swift in Sources */,
				0660F3C0250C93850059824A /* kakao2020하반기공채.swift in Sources */,
				06A7D4E62601F583005348A4 /* P42746_2.swift in Sources */,
				069E3D082495D98600100D7C /* 2869.swift in Sources */,
				06F0DBDB255FD63900F54CA1 /* P17687.swift in Sources */,
				067BBB67266B504D004F5435 /* 2021 라인 핀테크 인턴십.swift in Sources */,
				0654370824A2145900210383 /* P64061.swift in Sources */,
				06EEA1DD25A1E94F0023BB1D /* CLOCKSYNC.swift in Sources */,
				060D5DE624F6B8C4002273DD /* P42746.swift in Sources */,
				06BCB6FA24DAA83E005D8B3D /* P12899.swift in Sources */,
				06A7D4DD260091B8005348A4 /* P60057_2.swift in Sources */,
				06A7D4FA2608B6B5005348A4 /* P64065_2.swift in Sources */,
				06A2B10D2536F3ED0013BCAD /* P12977.swift in Sources */,
				06334CDE251ECFB0000DD4D7 /* 네이버2020하반기 공채코테.swift in Sources */,
				068EC21525EF9ABA00484FBB /* P67257_2.swift in Sources */,
				06375F19254A94C400072626 /* P17683.swift in Sources */,
				068131DA253074390081A99F /* Coupang2020하반기.swift in Sources */,
				065F2FD02499D0F0003A0156 /* Extension+sosu.swift in Sources */,
				06371D8925B0681300FBD087 /* P43164.swift in Sources */,
				06EEB5B9252476DC003CED60 /* P12945.swift in Sources */,
				063698DA24C84E6300C1C900 /* 6603.swift in Sources */,
				06C2F2702625DCCA0090DD70 /* P68644.swift in Sources */,
				06C2F3122631992D0090DD70 /* P67258.swift in Sources */,
				0654375324A5A33000210383 /* 2468.swift in Sources */,
				06F5158C26468D58008FB5BD /* 2021카카오인턴십.swift in Sources */,
				065A8F6D25551F4A001C11A5 /* MakeOptional.swift in Sources */,
				06375F132549578700072626 /* P42890.swift in Sources */,
				062A9331251102A400259794 /* P12941.swift in Sources */,
				06F5157F264045F2008FB5BD /* P77485.swift in Sources */,
				06A720B424D18C5900ED31DC /* 1107.swift in Sources */,
				064D91C6265E4F1F0064AB94 /* LeetCode20210526.swift in Sources */,
				06D3E6F0248DEF8E00360CCD /* main.swift in Sources */,
				06A720B624D1B95B00ED31DC /* 11726.swift in Sources */,
				06A7D4FE2608CC4B005348A4 /* P42888.swift in Sources */,
				06C2F30F26314F650090DD70 /* P64062.swift in Sources */,
				06837B1225F8DC93004EA12B /* P42586_2.swift in Sources */,
				06837AEE25F25322004EA12B /* P49994.swift in Sources */,
				060D5D9A24EBC6D3002273DD /* P42842.swift in Sources */,
				06BCB70224E66848005D8B3D /* 15651.swift in Sources */,
				06C2F2EA262EDC820090DD70 /* P17682.swift in Sources */,
				069E3EBB25A802E50088D690 /* P60061.swift in Sources */,
				06705258254570B700ECAE1C /* P17679.swift in Sources */,
				069735A42668ABDC00276673 /* LeetCode20210602.swift in Sources */,
				06F515862641416A008FB5BD /* P42892.swift in Sources */,
				06FE86EE249DADC600F770F4 /* ProgrammersHIndex.swift in Sources */,
				06D33AFA2573F3AD0093FDED /* P60059.swift in Sources */,
				06C2F2E4262DBF500090DD70 /* P76501.swift in Sources */,
				064D91EC2662536C0064AB94 /* LeetCode20210529.swift in Sources */,
				069BB3B0256D3B2300BF5F9D /* P68646.swift in Sources */,
				065F2FD8249A331C003A0156 /* ProgrammersPrinter.swift in Sources */,
				064397032559501C008F37FD /* P17686.swift in Sources */,
				06F51595264D430F008FB5BD /* LeetCode20210513.swift in Sources */,
				06F51578263CF909008FB5BD /* 2021라인 인턴십.swift in Sources */,
				06FE86CC249CD25E00F770F4 /* 4948.swift in Sources */,
				06BCB70024E59EFD005D8B3D /* 15650.swift in Sources */,
				069E3CE12491FEAA00100D7C /* 2941.swift in Sources */,
				064D91BE26590F120064AB94 /* LeetCode20210522.swift in Sources */,
				0660F38C250B95800059824A /* P12939.swift in Sources */,
				06A7D4F72604CCD9005348A4 /* P43165_2.swift in Sources */,
				06C2F2ED262F1B430090DD70 /* P76502.swift in Sources */,
			);
			runOnlyForDeploymentPostprocessing = 0;
		};
/* End PBXSourcesBuildPhase section */

/* Begin XCBuildConfiguration section */
		06D3E6F1248DEF8E00360CCD /* Debug */ = {
			isa = XCBuildConfiguration;
			buildSettings = {
				ALWAYS_SEARCH_USER_PATHS = NO;
				CLANG_ANALYZER_NONNULL = YES;
				CLANG_ANALYZER_NUMBER_OBJECT_CONVERSION = YES_AGGRESSIVE;
				CLANG_CXX_LANGUAGE_STANDARD = "gnu++14";
				CLANG_CXX_LIBRARY = "libc++";
				CLANG_ENABLE_MODULES = YES;
				CLANG_ENABLE_OBJC_ARC = YES;
				CLANG_ENABLE_OBJC_WEAK = YES;
				CLANG_WARN_BLOCK_CAPTURE_AUTORELEASING = YES;
				CLANG_WARN_BOOL_CONVERSION = YES;
				CLANG_WARN_COMMA = YES;
				CLANG_WARN_CONSTANT_CONVERSION = YES;
				CLANG_WARN_DEPRECATED_OBJC_IMPLEMENTATIONS = YES;
				CLANG_WARN_DIRECT_OBJC_ISA_USAGE = YES_ERROR;
				CLANG_WARN_DOCUMENTATION_COMMENTS = YES;
				CLANG_WARN_EMPTY_BODY = YES;
				CLANG_WARN_ENUM_CONVERSION = YES;
				CLANG_WARN_INFINITE_RECURSION = YES;
				CLANG_WARN_INT_CONVERSION = YES;
				CLANG_WARN_NON_LITERAL_NULL_CONVERSION = YES;
				CLANG_WARN_OBJC_IMPLICIT_RETAIN_SELF = YES;
				CLANG_WARN_OBJC_LITERAL_CONVERSION = YES;
				CLANG_WARN_OBJC_ROOT_CLASS = YES_ERROR;
				CLANG_WARN_RANGE_LOOP_ANALYSIS = YES;
				CLANG_WARN_STRICT_PROTOTYPES = YES;
				CLANG_WARN_SUSPICIOUS_MOVE = YES;
				CLANG_WARN_UNGUARDED_AVAILABILITY = YES_AGGRESSIVE;
				CLANG_WARN_UNREACHABLE_CODE = YES;
				CLANG_WARN__DUPLICATE_METHOD_MATCH = YES;
				COPY_PHASE_STRIP = NO;
				DEBUG_INFORMATION_FORMAT = dwarf;
				ENABLE_STRICT_OBJC_MSGSEND = YES;
				ENABLE_TESTABILITY = YES;
				GCC_C_LANGUAGE_STANDARD = gnu11;
				GCC_DYNAMIC_NO_PIC = NO;
				GCC_NO_COMMON_BLOCKS = YES;
				GCC_OPTIMIZATION_LEVEL = 0;
				GCC_PREPROCESSOR_DEFINITIONS = (
					"DEBUG=1",
					"$(inherited)",
				);
				GCC_WARN_64_TO_32_BIT_CONVERSION = YES;
				GCC_WARN_ABOUT_RETURN_TYPE = YES_ERROR;
				GCC_WARN_UNDECLARED_SELECTOR = YES;
				GCC_WARN_UNINITIALIZED_AUTOS = YES_AGGRESSIVE;
				GCC_WARN_UNUSED_FUNCTION = YES;
				GCC_WARN_UNUSED_VARIABLE = YES;
				MACOSX_DEPLOYMENT_TARGET = 11.0;
				MTL_ENABLE_DEBUG_INFO = INCLUDE_SOURCE;
				MTL_FAST_MATH = YES;
				ONLY_ACTIVE_ARCH = YES;
				SDKROOT = macosx;
				SWIFT_ACTIVE_COMPILATION_CONDITIONS = DEBUG;
				SWIFT_OPTIMIZATION_LEVEL = "-Onone";
				SWIFT_VERSION = 5.0;
			};
			name = Debug;
		};
		06D3E6F2248DEF8E00360CCD /* Release */ = {
			isa = XCBuildConfiguration;
			buildSettings = {
				ALWAYS_SEARCH_USER_PATHS = NO;
				CLANG_ANALYZER_NONNULL = YES;
				CLANG_ANALYZER_NUMBER_OBJECT_CONVERSION = YES_AGGRESSIVE;
				CLANG_CXX_LANGUAGE_STANDARD = "gnu++14";
				CLANG_CXX_LIBRARY = "libc++";
				CLANG_ENABLE_MODULES = YES;
				CLANG_ENABLE_OBJC_ARC = YES;
				CLANG_ENABLE_OBJC_WEAK = YES;
				CLANG_WARN_BLOCK_CAPTURE_AUTORELEASING = YES;
				CLANG_WARN_BOOL_CONVERSION = YES;
				CLANG_WARN_COMMA = YES;
				CLANG_WARN_CONSTANT_CONVERSION = YES;
				CLANG_WARN_DEPRECATED_OBJC_IMPLEMENTATIONS = YES;
				CLANG_WARN_DIRECT_OBJC_ISA_USAGE = YES_ERROR;
				CLANG_WARN_DOCUMENTATION_COMMENTS = YES;
				CLANG_WARN_EMPTY_BODY = YES;
				CLANG_WARN_ENUM_CONVERSION = YES;
				CLANG_WARN_INFINITE_RECURSION = YES;
				CLANG_WARN_INT_CONVERSION = YES;
				CLANG_WARN_NON_LITERAL_NULL_CONVERSION = YES;
				CLANG_WARN_OBJC_IMPLICIT_RETAIN_SELF = YES;
				CLANG_WARN_OBJC_LITERAL_CONVERSION = YES;
				CLANG_WARN_OBJC_ROOT_CLASS = YES_ERROR;
				CLANG_WARN_RANGE_LOOP_ANALYSIS = YES;
				CLANG_WARN_STRICT_PROTOTYPES = YES;
				CLANG_WARN_SUSPICIOUS_MOVE = YES;
				CLANG_WARN_UNGUARDED_AVAILABILITY = YES_AGGRESSIVE;
				CLANG_WARN_UNREACHABLE_CODE = YES;
				CLANG_WARN__DUPLICATE_METHOD_MATCH = YES;
				COPY_PHASE_STRIP = NO;
				DEBUG_INFORMATION_FORMAT = "dwarf-with-dsym";
				ENABLE_NS_ASSERTIONS = NO;
				ENABLE_STRICT_OBJC_MSGSEND = YES;
				GCC_C_LANGUAGE_STANDARD = gnu11;
				GCC_NO_COMMON_BLOCKS = YES;
				GCC_WARN_64_TO_32_BIT_CONVERSION = YES;
				GCC_WARN_ABOUT_RETURN_TYPE = YES_ERROR;
				GCC_WARN_UNDECLARED_SELECTOR = YES;
				GCC_WARN_UNINITIALIZED_AUTOS = YES_AGGRESSIVE;
				GCC_WARN_UNUSED_FUNCTION = YES;
				GCC_WARN_UNUSED_VARIABLE = YES;
				MACOSX_DEPLOYMENT_TARGET = 11.0;
				MTL_ENABLE_DEBUG_INFO = NO;
				MTL_FAST_MATH = YES;
				SDKROOT = macosx;
				SWIFT_COMPILATION_MODE = wholemodule;
				SWIFT_OPTIMIZATION_LEVEL = "-O";
				SWIFT_VERSION = 5.0;
			};
			name = Release;
		};
		06D3E6F4248DEF8E00360CCD /* Debug */ = {
			isa = XCBuildConfiguration;
			buildSettings = {
				CODE_SIGN_STYLE = Automatic;
				DEVELOPMENT_TEAM = 7Z2CV7TB8R;
				ENABLE_HARDENED_RUNTIME = YES;
				PRODUCT_NAME = "$(TARGET_NAME)";
				SWIFT_VERSION = 5.0;
			};
			name = Debug;
		};
		06D3E6F5248DEF8E00360CCD /* Release */ = {
			isa = XCBuildConfiguration;
			buildSettings = {
				CODE_SIGN_STYLE = Automatic;
				DEVELOPMENT_TEAM = 7Z2CV7TB8R;
				ENABLE_HARDENED_RUNTIME = YES;
				PRODUCT_NAME = "$(TARGET_NAME)";
				SWIFT_VERSION = 5.0;
			};
			name = Release;
		};
/* End XCBuildConfiguration section */

/* Begin XCConfigurationList section */
		06D3E6E7248DEF8E00360CCD /* Build configuration list for PBXProject "BaekJoon" */ = {
			isa = XCConfigurationList;
			buildConfigurations = (
				06D3E6F1248DEF8E00360CCD /* Debug */,
				06D3E6F2248DEF8E00360CCD /* Release */,
			);
			defaultConfigurationIsVisible = 0;
			defaultConfigurationName = Release;
		};
		06D3E6F3248DEF8E00360CCD /* Build configuration list for PBXNativeTarget "BaekJoon" */ = {
			isa = XCConfigurationList;
			buildConfigurations = (
				06D3E6F4248DEF8E00360CCD /* Debug */,
				06D3E6F5248DEF8E00360CCD /* Release */,
			);
			defaultConfigurationIsVisible = 0;
			defaultConfigurationName = Release;
		};
/* End XCConfigurationList section */
	};
	rootObject = 06D3E6E4248DEF8E00360CCD /* Project object */;
}
